PODS:
  - AppStoreConnect-Swift-SDK (0.2.0)

DEPENDENCIES:
  - AppStoreConnect-Swift-SDK (from `../../`)

EXTERNAL SOURCES:
  AppStoreConnect-Swift-SDK:
    :path: "../../"

SPEC CHECKSUMS:
  AppStoreConnect-Swift-SDK: 170e69d3d782e54db1e9bf986bb6d68287212a31

PODFILE CHECKSUM: 9dbc2e53c8ce9313356e15b3bd9e4f75c4c0ac75

COCOAPODS: 1.8.4
