PODS:
  - AppStoreConnect-Swift-SDK (0.2.0)

DEPENDENCIES:
  - AppStoreConnect-Swift-SDK (from `../../`)

EXTERNAL SOURCES:
  AppStoreConnect-Swift-SDK:
    :path: "../../"

SPEC CHECKSUMS:
  AppStoreConnect-Swift-SDK: 170e69d3d782e54db1e9bf986bb6d68287212a31

PODFILE CHECKSUM: 7d5a34f3c6a4f71a1088b22c4b36f594a57df95e

COCOAPODS: 1.8.4
