// !$*UTF8*$!
{
	archiveVersion = 1;
	classes = {
	};
	objectVersion = 46;
	objects = {

/* Begin PBXBuildFile section */
		310FADE221B153B8004327B2 /* SendInvitationToBetaTesterTests.swift in Sources */ = {isa = PBXBuildFile; fileRef = 310FADE121B153B8004327B2 /* SendInvitationToBetaTesterTests.swift */; };
		310FAE1521B16157004327B2 /* ReadBetaGroupInformationTests.swift in Sources */ = {isa = PBXBuildFile; fileRef = 310FAE0621B16157004327B2 /* ReadBetaGroupInformationTests.swift */; };
		310FAE1621B16157004327B2 /* ListBetaTestersInBetaGroupTests.swift in Sources */ = {isa = PBXBuildFile; fileRef = 310FAE0721B16157004327B2 /* ListBetaTestersInBetaGroupTests.swift */; };
		310FAE1721B16157004327B2 /* RemoveBuildsFromBetaGroupTests.swift in Sources */ = {isa = PBXBuildFile; fileRef = 310FAE0821B16157004327B2 /* RemoveBuildsFromBetaGroupTests.swift */; };
		310FAE1821B16157004327B2 /* ListBetaGroupsTests.swift in Sources */ = {isa = PBXBuildFile; fileRef = 310FAE0921B16157004327B2 /* ListBetaGroupsTests.swift */; };
		310FAE1921B16157004327B2 /* AddBuildsToBetaGroupTests.swift in Sources */ = {isa = PBXBuildFile; fileRef = 310FAE0A21B16157004327B2 /* AddBuildsToBetaGroupTests.swift */; };
		310FAE1A21B16157004327B2 /* GetBetaTesterIDsInBetaGroupTests.swift in Sources */ = {isa = PBXBuildFile; fileRef = 310FAE0B21B16157004327B2 /* GetBetaTesterIDsInBetaGroupTests.swift */; };
		310FAE1B21B16157004327B2 /* GetBuildIDsInBetaGroupTests.swift in Sources */ = {isa = PBXBuildFile; fileRef = 310FAE0C21B16157004327B2 /* GetBuildIDsInBetaGroupTests.swift */; };
		310FAE1C21B16157004327B2 /* ListBuildsForBetaGroupTests.swift in Sources */ = {isa = PBXBuildFile; fileRef = 310FAE0D21B16157004327B2 /* ListBuildsForBetaGroupTests.swift */; };
		310FAE1D21B16157004327B2 /* ModifyBetaGroupTests.swift in Sources */ = {isa = PBXBuildFile; fileRef = 310FAE0E21B16157004327B2 /* ModifyBetaGroupTests.swift */; };
		310FAE1E21B16157004327B2 /* RemoveBetaTestersFromBetaGroupTests.swift in Sources */ = {isa = PBXBuildFile; fileRef = 310FAE0F21B16157004327B2 /* RemoveBetaTestersFromBetaGroupTests.swift */; };
		310FAE1F21B16157004327B2 /* AddBetaTestersToBetaGroupTests.swift in Sources */ = {isa = PBXBuildFile; fileRef = 310FAE1021B16157004327B2 /* AddBetaTestersToBetaGroupTests.swift */; };
		310FAE2021B16157004327B2 /* CreateBetaGroupTests.swift in Sources */ = {isa = PBXBuildFile; fileRef = 310FAE1121B16157004327B2 /* CreateBetaGroupTests.swift */; };
		310FAE2121B16157004327B2 /* ReadAppInformationOfBetaGroupTests.swift in Sources */ = {isa = PBXBuildFile; fileRef = 310FAE1221B16157004327B2 /* ReadAppInformationOfBetaGroupTests.swift */; };
		310FAE2221B16157004327B2 /* DeleteBetaGroupTests.swift in Sources */ = {isa = PBXBuildFile; fileRef = 310FAE1321B16157004327B2 /* DeleteBetaGroupTests.swift */; };
		310FAE2321B16157004327B2 /* GetAppResourceIDForBetaGroupTests.swift in Sources */ = {isa = PBXBuildFile; fileRef = 310FAE1421B16157004327B2 /* GetAppResourceIDForBetaGroupTests.swift */; };
		314DF9E421A6CB17008FFF99 /* ListAppsTests.swift in Sources */ = {isa = PBXBuildFile; fileRef = 314DF9E321A6CB17008FFF99 /* ListAppsTests.swift */; };
		3183103821A8497800638289 /* QueryParameterTests.swift in Sources */ = {isa = PBXBuildFile; fileRef = 3183103721A8497800638289 /* QueryParameterTests.swift */; };
		3183103A21A8719F00638289 /* GetAppTests.swift in Sources */ = {isa = PBXBuildFile; fileRef = 3183103921A8719F00638289 /* GetAppTests.swift */; };
		318824E921AD409500676DA7 /* GetBetaAppReviewDetailsResourceOfAppTests.swift in Sources */ = {isa = PBXBuildFile; fileRef = 318824DC21AD409400676DA7 /* GetBetaAppReviewDetailsResourceOfAppTests.swift */; };
		318824EB21AD409500676DA7 /* GetBetaAppReviewDetailsResourceIDForAppTests.swift in Sources */ = {isa = PBXBuildFile; fileRef = 318824DE21AD409400676DA7 /* GetBetaAppReviewDetailsResourceIDForAppTests.swift */; };
		318824EC21AD409500676DA7 /* GetBetaGroupIDsForAppTests.swift in Sources */ = {isa = PBXBuildFile; fileRef = 318824DF21AD409400676DA7 /* GetBetaGroupIDsForAppTests.swift */; };
		318824ED21AD409500676DA7 /* GetBetaAppLocalizationIDsOfAppTests.swift in Sources */ = {isa = PBXBuildFile; fileRef = 318824E021AD409400676DA7 /* GetBetaAppLocalizationIDsOfAppTests.swift */; };
		318824EE21AD409500676DA7 /* ListBetaAppLocalizationsOfAppTests.swift in Sources */ = {isa = PBXBuildFile; fileRef = 318824E121AD409400676DA7 /* ListBetaAppLocalizationsOfAppTests.swift */; };
		318824EF21AD409500676DA7 /* GetBetaLicenseAgreementIDForAppTests.swift in Sources */ = {isa = PBXBuildFile; fileRef = 318824E221AD409400676DA7 /* GetBetaLicenseAgreementIDForAppTests.swift */; };
		318824F021AD409500676DA7 /* ListBuildsOfAppTests.swift in Sources */ = {isa = PBXBuildFile; fileRef = 318824E321AD409400676DA7 /* ListBuildsOfAppTests.swift */; };
		318824F121AD409500676DA7 /* ListPrereleaseVersionsForAppTests.swift in Sources */ = {isa = PBXBuildFile; fileRef = 318824E421AD409400676DA7 /* ListPrereleaseVersionsForAppTests.swift */; };
		318824F221AD409500676DA7 /* GetBuildIDsOfAppTests.swift in Sources */ = {isa = PBXBuildFile; fileRef = 318824E521AD409500676DA7 /* GetBuildIDsOfAppTests.swift */; };
		318824F321AD409500676DA7 /* ListBetaGroupsForAppTests.swift in Sources */ = {isa = PBXBuildFile; fileRef = 318824E621AD409500676DA7 /* ListBetaGroupsForAppTests.swift */; };
		318824F421AD409500676DA7 /* GetBetaLicenseAgreementOfAppTests.swift in Sources */ = {isa = PBXBuildFile; fileRef = 318824E721AD409500676DA7 /* GetBetaLicenseAgreementOfAppTests.swift */; };
		318824F521AD409500676DA7 /* GetPrereleaseVersionIDsForAppTests.swift in Sources */ = {isa = PBXBuildFile; fileRef = 318824E821AD409500676DA7 /* GetPrereleaseVersionIDsForAppTests.swift */; };
		3188254E21ADAC2900676DA7 /* RemoveBetaTestersFromGroupsAndBuildsOfAppTests.swift in Sources */ = {isa = PBXBuildFile; fileRef = 3188254D21ADAC2900676DA7 /* RemoveBetaTestersFromGroupsAndBuildsOfAppTests.swift */; };
		31F3DF5521AEDD63006998D5 /* DeleteBetaTesterTests.swift in Sources */ = {isa = PBXBuildFile; fileRef = 31F3DF4621AEDD63006998D5 /* DeleteBetaTesterTests.swift */; };
		31F3DF5621AEDD63006998D5 /* GetBetaTesterTests.swift in Sources */ = {isa = PBXBuildFile; fileRef = 31F3DF4721AEDD63006998D5 /* GetBetaTesterTests.swift */; };
		31F3DF5721AEDD63006998D5 /* ListBetaGroupsToWhichBetaTesterBelongsTests.swift in Sources */ = {isa = PBXBuildFile; fileRef = 31F3DF4821AEDD63006998D5 /* ListBetaGroupsToWhichBetaTesterBelongsTests.swift */; };
		31F3DF5821AEDD63006998D5 /* UnassignBetaTesterFromBuildsTests.swift in Sources */ = {isa = PBXBuildFile; fileRef = 31F3DF4921AEDD63006998D5 /* UnassignBetaTesterFromBuildsTests.swift */; };
		31F3DF5921AEDD63006998D5 /* AddBetaTesterToBetaGroupsTests.swift in Sources */ = {isa = PBXBuildFile; fileRef = 31F3DF4A21AEDD63006998D5 /* AddBetaTesterToBetaGroupsTests.swift */; };
		31F3DF5A21AEDD63006998D5 /* CreateBetaTesterTests.swift in Sources */ = {isa = PBXBuildFile; fileRef = 31F3DF4B21AEDD63006998D5 /* CreateBetaTesterTests.swift */; };
		31F3DF5B21AEDD63006998D5 /* RemoveBetaTesterFromBetaGroupsTests.swift in Sources */ = {isa = PBXBuildFile; fileRef = 31F3DF4C21AEDD63006998D5 /* RemoveBetaTesterFromBetaGroupsTests.swift */; };
		31F3DF5C21AEDD63006998D5 /* ListAppsForBetaTesterTests.swift in Sources */ = {isa = PBXBuildFile; fileRef = 31F3DF4D21AEDD63006998D5 /* ListAppsForBetaTesterTests.swift */; };
		31F3DF5D21AEDD63006998D5 /* GetBetaGroupIDsOfBetaTesterGroupsTests.swift in Sources */ = {isa = PBXBuildFile; fileRef = 31F3DF4E21AEDD63006998D5 /* GetBetaGroupIDsOfBetaTesterGroupsTests.swift */; };
		31F3DF5E21AEDD63006998D5 /* RemoveBetaTesterAccessToAppsTests.swift in Sources */ = {isa = PBXBuildFile; fileRef = 31F3DF4F21AEDD63006998D5 /* RemoveBetaTesterAccessToAppsTests.swift */; };
		31F3DF5F21AEDD63006998D5 /* GetAppResourceIDsForBetaTesterTests.swift in Sources */ = {isa = PBXBuildFile; fileRef = 31F3DF5021AEDD63006998D5 /* GetAppResourceIDsForBetaTesterTests.swift */; };
		31F3DF6021AEDD63006998D5 /* ListBetaTestersTests.swift in Sources */ = {isa = PBXBuildFile; fileRef = 31F3DF5121AEDD63006998D5 /* ListBetaTestersTests.swift */; };
		31F3DF6121AEDD63006998D5 /* GetIDsOfBuildsAssignedToBetaTesterTests.swift in Sources */ = {isa = PBXBuildFile; fileRef = 31F3DF5221AEDD63006998D5 /* GetIDsOfBuildsAssignedToBetaTesterTests.swift */; };
		31F3DF6221AEDD63006998D5 /* AssignBetaTesterToBuildsTests.swift in Sources */ = {isa = PBXBuildFile; fileRef = 31F3DF5321AEDD63006998D5 /* AssignBetaTesterToBuildsTests.swift */; };
		31F3DF6321AEDD63006998D5 /* ListBuildsAssignedToBetaTesterTests.swift in Sources */ = {isa = PBXBuildFile; fileRef = 31F3DF5421AEDD63006998D5 /* ListBuildsAssignedToBetaTesterTests.swift */; };
		31F929E2219C6AC40061DEA5 /* JWTRequestsAuthenticatorTests.swift in Sources */ = {isa = PBXBuildFile; fileRef = 31F929E0219C6AC40061DEA5 /* JWTRequestsAuthenticatorTests.swift */; };
		31F929E3219C6AC40061DEA5 /* JWTTests.swift in Sources */ = {isa = PBXBuildFile; fileRef = 31F929E1219C6AC40061DEA5 /* JWTTests.swift */; };
		607FACD61AFB9204008FA782 /* AppDelegate.swift in Sources */ = {isa = PBXBuildFile; fileRef = 607FACD51AFB9204008FA782 /* AppDelegate.swift */; };
		607FACD81AFB9204008FA782 /* ViewController.swift in Sources */ = {isa = PBXBuildFile; fileRef = 607FACD71AFB9204008FA782 /* ViewController.swift */; };
		607FACDB1AFB9204008FA782 /* Main.storyboard in Resources */ = {isa = PBXBuildFile; fileRef = 607FACD91AFB9204008FA782 /* Main.storyboard */; };
		607FACDD1AFB9204008FA782 /* Images.xcassets in Resources */ = {isa = PBXBuildFile; fileRef = 607FACDC1AFB9204008FA782 /* Images.xcassets */; };
		607FACE01AFB9204008FA782 /* LaunchScreen.xib in Resources */ = {isa = PBXBuildFile; fileRef = 607FACDE1AFB9204008FA782 /* LaunchScreen.xib */; };
		806B0D7413287E5233231BEC /* Pods_AppStoreConnect_Swift_SDK_Tests.framework in Frameworks */ = {isa = PBXBuildFile; fileRef = 9639D4E6C89670B57FE7B4C3 /* Pods_AppStoreConnect_Swift_SDK_Tests.framework */; };
		D44D55D54A86BD85123A8DB8 /* Pods_AppStoreConnect_Swift_SDK_Example.framework in Frameworks */ = {isa = PBXBuildFile; fileRef = ECADB7DD6CF6600E0251BBEC /* Pods_AppStoreConnect_Swift_SDK_Example.framework */; };
/* End PBXBuildFile section */

/* Begin PBXContainerItemProxy section */
		607FACE61AFB9204008FA782 /* PBXContainerItemProxy */ = {
			isa = PBXContainerItemProxy;
			containerPortal = 607FACC81AFB9204008FA782 /* Project object */;
			proxyType = 1;
			remoteGlobalIDString = 607FACCF1AFB9204008FA782;
			remoteInfo = "AppStoreConnect-Swift-SDK";
		};
/* End PBXContainerItemProxy section */

/* Begin PBXFileReference section */
		0AE4946149359034B7BCF9D5 /* README.md */ = {isa = PBXFileReference; includeInIndex = 1; lastKnownFileType = net.daringfireball.markdown; name = README.md; path = ../README.md; sourceTree = "<group>"; };
		310FADE121B153B8004327B2 /* SendInvitationToBetaTesterTests.swift */ = {isa = PBXFileReference; lastKnownFileType = sourcecode.swift; path = SendInvitationToBetaTesterTests.swift; sourceTree = "<group>"; };
		310FAE0621B16157004327B2 /* ReadBetaGroupInformationTests.swift */ = {isa = PBXFileReference; fileEncoding = 4; lastKnownFileType = sourcecode.swift; path = ReadBetaGroupInformationTests.swift; sourceTree = "<group>"; };
		310FAE0721B16157004327B2 /* ListBetaTestersInBetaGroupTests.swift */ = {isa = PBXFileReference; fileEncoding = 4; lastKnownFileType = sourcecode.swift; path = ListBetaTestersInBetaGroupTests.swift; sourceTree = "<group>"; };
		310FAE0821B16157004327B2 /* RemoveBuildsFromBetaGroupTests.swift */ = {isa = PBXFileReference; fileEncoding = 4; lastKnownFileType = sourcecode.swift; path = RemoveBuildsFromBetaGroupTests.swift; sourceTree = "<group>"; };
		310FAE0921B16157004327B2 /* ListBetaGroupsTests.swift */ = {isa = PBXFileReference; fileEncoding = 4; lastKnownFileType = sourcecode.swift; path = ListBetaGroupsTests.swift; sourceTree = "<group>"; };
		310FAE0A21B16157004327B2 /* AddBuildsToBetaGroupTests.swift */ = {isa = PBXFileReference; fileEncoding = 4; lastKnownFileType = sourcecode.swift; path = AddBuildsToBetaGroupTests.swift; sourceTree = "<group>"; };
		310FAE0B21B16157004327B2 /* GetBetaTesterIDsInBetaGroupTests.swift */ = {isa = PBXFileReference; fileEncoding = 4; lastKnownFileType = sourcecode.swift; path = GetBetaTesterIDsInBetaGroupTests.swift; sourceTree = "<group>"; };
		310FAE0C21B16157004327B2 /* GetBuildIDsInBetaGroupTests.swift */ = {isa = PBXFileReference; fileEncoding = 4; lastKnownFileType = sourcecode.swift; path = GetBuildIDsInBetaGroupTests.swift; sourceTree = "<group>"; };
		310FAE0D21B16157004327B2 /* ListBuildsForBetaGroupTests.swift */ = {isa = PBXFileReference; fileEncoding = 4; lastKnownFileType = sourcecode.swift; path = ListBuildsForBetaGroupTests.swift; sourceTree = "<group>"; };
		310FAE0E21B16157004327B2 /* ModifyBetaGroupTests.swift */ = {isa = PBXFileReference; fileEncoding = 4; lastKnownFileType = sourcecode.swift; path = ModifyBetaGroupTests.swift; sourceTree = "<group>"; };
		310FAE0F21B16157004327B2 /* RemoveBetaTestersFromBetaGroupTests.swift */ = {isa = PBXFileReference; fileEncoding = 4; lastKnownFileType = sourcecode.swift; path = RemoveBetaTestersFromBetaGroupTests.swift; sourceTree = "<group>"; };
		310FAE1021B16157004327B2 /* AddBetaTestersToBetaGroupTests.swift */ = {isa = PBXFileReference; fileEncoding = 4; lastKnownFileType = sourcecode.swift; path = AddBetaTestersToBetaGroupTests.swift; sourceTree = "<group>"; };
		310FAE1121B16157004327B2 /* CreateBetaGroupTests.swift */ = {isa = PBXFileReference; fileEncoding = 4; lastKnownFileType = sourcecode.swift; path = CreateBetaGroupTests.swift; sourceTree = "<group>"; };
		310FAE1221B16157004327B2 /* ReadAppInformationOfBetaGroupTests.swift */ = {isa = PBXFileReference; fileEncoding = 4; lastKnownFileType = sourcecode.swift; path = ReadAppInformationOfBetaGroupTests.swift; sourceTree = "<group>"; };
		310FAE1321B16157004327B2 /* DeleteBetaGroupTests.swift */ = {isa = PBXFileReference; fileEncoding = 4; lastKnownFileType = sourcecode.swift; path = DeleteBetaGroupTests.swift; sourceTree = "<group>"; };
		310FAE1421B16157004327B2 /* GetAppResourceIDForBetaGroupTests.swift */ = {isa = PBXFileReference; fileEncoding = 4; lastKnownFileType = sourcecode.swift; path = GetAppResourceIDForBetaGroupTests.swift; sourceTree = "<group>"; };
		314DF9E321A6CB17008FFF99 /* ListAppsTests.swift */ = {isa = PBXFileReference; lastKnownFileType = sourcecode.swift; path = ListAppsTests.swift; sourceTree = "<group>"; };
		3183103721A8497800638289 /* QueryParameterTests.swift */ = {isa = PBXFileReference; lastKnownFileType = sourcecode.swift; path = QueryParameterTests.swift; sourceTree = "<group>"; };
		3183103921A8719F00638289 /* GetAppTests.swift */ = {isa = PBXFileReference; lastKnownFileType = sourcecode.swift; path = GetAppTests.swift; sourceTree = "<group>"; };
		318824DC21AD409400676DA7 /* GetBetaAppReviewDetailsResourceOfAppTests.swift */ = {isa = PBXFileReference; fileEncoding = 4; lastKnownFileType = sourcecode.swift; path = GetBetaAppReviewDetailsResourceOfAppTests.swift; sourceTree = "<group>"; };
		318824DE21AD409400676DA7 /* GetBetaAppReviewDetailsResourceIDForAppTests.swift */ = {isa = PBXFileReference; fileEncoding = 4; lastKnownFileType = sourcecode.swift; path = GetBetaAppReviewDetailsResourceIDForAppTests.swift; sourceTree = "<group>"; };
		318824DF21AD409400676DA7 /* GetBetaGroupIDsForAppTests.swift */ = {isa = PBXFileReference; fileEncoding = 4; lastKnownFileType = sourcecode.swift; path = GetBetaGroupIDsForAppTests.swift; sourceTree = "<group>"; };
		318824E021AD409400676DA7 /* GetBetaAppLocalizationIDsOfAppTests.swift */ = {isa = PBXFileReference; fileEncoding = 4; lastKnownFileType = sourcecode.swift; path = GetBetaAppLocalizationIDsOfAppTests.swift; sourceTree = "<group>"; };
		318824E121AD409400676DA7 /* ListBetaAppLocalizationsOfAppTests.swift */ = {isa = PBXFileReference; fileEncoding = 4; lastKnownFileType = sourcecode.swift; path = ListBetaAppLocalizationsOfAppTests.swift; sourceTree = "<group>"; };
		318824E221AD409400676DA7 /* GetBetaLicenseAgreementIDForAppTests.swift */ = {isa = PBXFileReference; fileEncoding = 4; lastKnownFileType = sourcecode.swift; path = GetBetaLicenseAgreementIDForAppTests.swift; sourceTree = "<group>"; };
		318824E321AD409400676DA7 /* ListBuildsOfAppTests.swift */ = {isa = PBXFileReference; fileEncoding = 4; lastKnownFileType = sourcecode.swift; path = ListBuildsOfAppTests.swift; sourceTree = "<group>"; };
		318824E421AD409400676DA7 /* ListPrereleaseVersionsForAppTests.swift */ = {isa = PBXFileReference; fileEncoding = 4; lastKnownFileType = sourcecode.swift; path = ListPrereleaseVersionsForAppTests.swift; sourceTree = "<group>"; };
		318824E521AD409500676DA7 /* GetBuildIDsOfAppTests.swift */ = {isa = PBXFileReference; fileEncoding = 4; lastKnownFileType = sourcecode.swift; path = GetBuildIDsOfAppTests.swift; sourceTree = "<group>"; };
		318824E621AD409500676DA7 /* ListBetaGroupsForAppTests.swift */ = {isa = PBXFileReference; fileEncoding = 4; lastKnownFileType = sourcecode.swift; path = ListBetaGroupsForAppTests.swift; sourceTree = "<group>"; };
		318824E721AD409500676DA7 /* GetBetaLicenseAgreementOfAppTests.swift */ = {isa = PBXFileReference; fileEncoding = 4; lastKnownFileType = sourcecode.swift; path = GetBetaLicenseAgreementOfAppTests.swift; sourceTree = "<group>"; };
		318824E821AD409500676DA7 /* GetPrereleaseVersionIDsForAppTests.swift */ = {isa = PBXFileReference; fileEncoding = 4; lastKnownFileType = sourcecode.swift; path = GetPrereleaseVersionIDsForAppTests.swift; sourceTree = "<group>"; };
		3188254D21ADAC2900676DA7 /* RemoveBetaTestersFromGroupsAndBuildsOfAppTests.swift */ = {isa = PBXFileReference; fileEncoding = 4; lastKnownFileType = sourcecode.swift; path = RemoveBetaTestersFromGroupsAndBuildsOfAppTests.swift; sourceTree = "<group>"; };
		31F3DF4621AEDD63006998D5 /* DeleteBetaTesterTests.swift */ = {isa = PBXFileReference; fileEncoding = 4; lastKnownFileType = sourcecode.swift; path = DeleteBetaTesterTests.swift; sourceTree = "<group>"; };
		31F3DF4721AEDD63006998D5 /* GetBetaTesterTests.swift */ = {isa = PBXFileReference; fileEncoding = 4; lastKnownFileType = sourcecode.swift; path = GetBetaTesterTests.swift; sourceTree = "<group>"; };
		31F3DF4821AEDD63006998D5 /* ListBetaGroupsToWhichBetaTesterBelongsTests.swift */ = {isa = PBXFileReference; fileEncoding = 4; lastKnownFileType = sourcecode.swift; path = ListBetaGroupsToWhichBetaTesterBelongsTests.swift; sourceTree = "<group>"; };
		31F3DF4921AEDD63006998D5 /* UnassignBetaTesterFromBuildsTests.swift */ = {isa = PBXFileReference; fileEncoding = 4; lastKnownFileType = sourcecode.swift; path = UnassignBetaTesterFromBuildsTests.swift; sourceTree = "<group>"; };
		31F3DF4A21AEDD63006998D5 /* AddBetaTesterToBetaGroupsTests.swift */ = {isa = PBXFileReference; fileEncoding = 4; lastKnownFileType = sourcecode.swift; path = AddBetaTesterToBetaGroupsTests.swift; sourceTree = "<group>"; };
		31F3DF4B21AEDD63006998D5 /* CreateBetaTesterTests.swift */ = {isa = PBXFileReference; fileEncoding = 4; lastKnownFileType = sourcecode.swift; path = CreateBetaTesterTests.swift; sourceTree = "<group>"; };
		31F3DF4C21AEDD63006998D5 /* RemoveBetaTesterFromBetaGroupsTests.swift */ = {isa = PBXFileReference; fileEncoding = 4; lastKnownFileType = sourcecode.swift; path = RemoveBetaTesterFromBetaGroupsTests.swift; sourceTree = "<group>"; };
		31F3DF4D21AEDD63006998D5 /* ListAppsForBetaTesterTests.swift */ = {isa = PBXFileReference; fileEncoding = 4; lastKnownFileType = sourcecode.swift; path = ListAppsForBetaTesterTests.swift; sourceTree = "<group>"; };
		31F3DF4E21AEDD63006998D5 /* GetBetaGroupIDsOfBetaTesterGroupsTests.swift */ = {isa = PBXFileReference; fileEncoding = 4; lastKnownFileType = sourcecode.swift; path = GetBetaGroupIDsOfBetaTesterGroupsTests.swift; sourceTree = "<group>"; };
		31F3DF4F21AEDD63006998D5 /* RemoveBetaTesterAccessToAppsTests.swift */ = {isa = PBXFileReference; fileEncoding = 4; lastKnownFileType = sourcecode.swift; path = RemoveBetaTesterAccessToAppsTests.swift; sourceTree = "<group>"; };
		31F3DF5021AEDD63006998D5 /* GetAppResourceIDsForBetaTesterTests.swift */ = {isa = PBXFileReference; fileEncoding = 4; lastKnownFileType = sourcecode.swift; path = GetAppResourceIDsForBetaTesterTests.swift; sourceTree = "<group>"; };
		31F3DF5121AEDD63006998D5 /* ListBetaTestersTests.swift */ = {isa = PBXFileReference; fileEncoding = 4; lastKnownFileType = sourcecode.swift; path = ListBetaTestersTests.swift; sourceTree = "<group>"; };
		31F3DF5221AEDD63006998D5 /* GetIDsOfBuildsAssignedToBetaTesterTests.swift */ = {isa = PBXFileReference; fileEncoding = 4; lastKnownFileType = sourcecode.swift; path = GetIDsOfBuildsAssignedToBetaTesterTests.swift; sourceTree = "<group>"; };
		31F3DF5321AEDD63006998D5 /* AssignBetaTesterToBuildsTests.swift */ = {isa = PBXFileReference; fileEncoding = 4; lastKnownFileType = sourcecode.swift; path = AssignBetaTesterToBuildsTests.swift; sourceTree = "<group>"; };
		31F3DF5421AEDD63006998D5 /* ListBuildsAssignedToBetaTesterTests.swift */ = {isa = PBXFileReference; fileEncoding = 4; lastKnownFileType = sourcecode.swift; path = ListBuildsAssignedToBetaTesterTests.swift; sourceTree = "<group>"; };
		31F929E0219C6AC40061DEA5 /* JWTRequestsAuthenticatorTests.swift */ = {isa = PBXFileReference; fileEncoding = 4; lastKnownFileType = sourcecode.swift; path = JWTRequestsAuthenticatorTests.swift; sourceTree = "<group>"; };
		31F929E1219C6AC40061DEA5 /* JWTTests.swift */ = {isa = PBXFileReference; fileEncoding = 4; lastKnownFileType = sourcecode.swift; path = JWTTests.swift; sourceTree = "<group>"; };
		607FACD01AFB9204008FA782 /* AppStoreConnect-Swift-SDK_Example.app */ = {isa = PBXFileReference; explicitFileType = wrapper.application; includeInIndex = 0; path = "AppStoreConnect-Swift-SDK_Example.app"; sourceTree = BUILT_PRODUCTS_DIR; };
		607FACD41AFB9204008FA782 /* Info.plist */ = {isa = PBXFileReference; lastKnownFileType = text.plist.xml; path = Info.plist; sourceTree = "<group>"; };
		607FACD51AFB9204008FA782 /* AppDelegate.swift */ = {isa = PBXFileReference; lastKnownFileType = sourcecode.swift; path = AppDelegate.swift; sourceTree = "<group>"; };
		607FACD71AFB9204008FA782 /* ViewController.swift */ = {isa = PBXFileReference; lastKnownFileType = sourcecode.swift; path = ViewController.swift; sourceTree = "<group>"; };
		607FACDA1AFB9204008FA782 /* Base */ = {isa = PBXFileReference; lastKnownFileType = file.storyboard; name = Base; path = Base.lproj/Main.storyboard; sourceTree = "<group>"; };
		607FACDC1AFB9204008FA782 /* Images.xcassets */ = {isa = PBXFileReference; lastKnownFileType = folder.assetcatalog; path = Images.xcassets; sourceTree = "<group>"; };
		607FACDF1AFB9204008FA782 /* Base */ = {isa = PBXFileReference; lastKnownFileType = file.xib; name = Base; path = Base.lproj/LaunchScreen.xib; sourceTree = "<group>"; };
		607FACE51AFB9204008FA782 /* AppStoreConnect-Swift-SDK_Tests.xctest */ = {isa = PBXFileReference; explicitFileType = wrapper.cfbundle; includeInIndex = 0; path = "AppStoreConnect-Swift-SDK_Tests.xctest"; sourceTree = BUILT_PRODUCTS_DIR; };
		607FACEA1AFB9204008FA782 /* Info.plist */ = {isa = PBXFileReference; lastKnownFileType = text.plist.xml; path = Info.plist; sourceTree = "<group>"; };
		7AF06C0AA3919B41551ED7DD /* LICENSE */ = {isa = PBXFileReference; includeInIndex = 1; lastKnownFileType = text; name = LICENSE; path = ../LICENSE; sourceTree = "<group>"; };
		9524BFF0D0F07B79917BBFE2 /* Pods-AppStoreConnect-Swift-SDK_Tests.debug.xcconfig */ = {isa = PBXFileReference; includeInIndex = 1; lastKnownFileType = text.xcconfig; name = "Pods-AppStoreConnect-Swift-SDK_Tests.debug.xcconfig"; path = "Pods/Target Support Files/Pods-AppStoreConnect-Swift-SDK_Tests/Pods-AppStoreConnect-Swift-SDK_Tests.debug.xcconfig"; sourceTree = "<group>"; };
		9639D4E6C89670B57FE7B4C3 /* Pods_AppStoreConnect_Swift_SDK_Tests.framework */ = {isa = PBXFileReference; explicitFileType = wrapper.framework; includeInIndex = 0; path = Pods_AppStoreConnect_Swift_SDK_Tests.framework; sourceTree = BUILT_PRODUCTS_DIR; };
		A5C30461425642D432A833EB /* Pods-AppStoreConnect-Swift-SDK_Example.release.xcconfig */ = {isa = PBXFileReference; includeInIndex = 1; lastKnownFileType = text.xcconfig; name = "Pods-AppStoreConnect-Swift-SDK_Example.release.xcconfig"; path = "Pods/Target Support Files/Pods-AppStoreConnect-Swift-SDK_Example/Pods-AppStoreConnect-Swift-SDK_Example.release.xcconfig"; sourceTree = "<group>"; };
		AB3C299B63F819BF718C3EF5 /* Pods-AppStoreConnect-Swift-SDK_Tests.release.xcconfig */ = {isa = PBXFileReference; includeInIndex = 1; lastKnownFileType = text.xcconfig; name = "Pods-AppStoreConnect-Swift-SDK_Tests.release.xcconfig"; path = "Pods/Target Support Files/Pods-AppStoreConnect-Swift-SDK_Tests/Pods-AppStoreConnect-Swift-SDK_Tests.release.xcconfig"; sourceTree = "<group>"; };
		C76C6971C22EB75918256285 /* Pods-AppStoreConnect-Swift-SDK_Example.debug.xcconfig */ = {isa = PBXFileReference; includeInIndex = 1; lastKnownFileType = text.xcconfig; name = "Pods-AppStoreConnect-Swift-SDK_Example.debug.xcconfig"; path = "Pods/Target Support Files/Pods-AppStoreConnect-Swift-SDK_Example/Pods-AppStoreConnect-Swift-SDK_Example.debug.xcconfig"; sourceTree = "<group>"; };
		DF1B520C60DCEDD8A035052B /* AppStoreConnect-Swift-SDK.podspec */ = {isa = PBXFileReference; includeInIndex = 1; lastKnownFileType = text; name = "AppStoreConnect-Swift-SDK.podspec"; path = "../AppStoreConnect-Swift-SDK.podspec"; sourceTree = "<group>"; xcLanguageSpecificationIdentifier = xcode.lang.ruby; };
		ECADB7DD6CF6600E0251BBEC /* Pods_AppStoreConnect_Swift_SDK_Example.framework */ = {isa = PBXFileReference; explicitFileType = wrapper.framework; includeInIndex = 0; path = Pods_AppStoreConnect_Swift_SDK_Example.framework; sourceTree = BUILT_PRODUCTS_DIR; };
/* End PBXFileReference section */

/* Begin PBXFrameworksBuildPhase section */
		607FACCD1AFB9204008FA782 /* Frameworks */ = {
			isa = PBXFrameworksBuildPhase;
			buildActionMask = 2147483647;
			files = (
				D44D55D54A86BD85123A8DB8 /* Pods_AppStoreConnect_Swift_SDK_Example.framework in Frameworks */,
			);
			runOnlyForDeploymentPostprocessing = 0;
		};
		607FACE21AFB9204008FA782 /* Frameworks */ = {
			isa = PBXFrameworksBuildPhase;
			buildActionMask = 2147483647;
			files = (
				806B0D7413287E5233231BEC /* Pods_AppStoreConnect_Swift_SDK_Tests.framework in Frameworks */,
			);
			runOnlyForDeploymentPostprocessing = 0;
		};
/* End PBXFrameworksBuildPhase section */

/* Begin PBXGroup section */
		310FADE021B1539E004327B2 /* Beta Tester Invitations */ = {
			isa = PBXGroup;
			children = (
				310FADE121B153B8004327B2 /* SendInvitationToBetaTesterTests.swift */,
			);
			path = "Beta Tester Invitations";
			sourceTree = "<group>";
		};
		310FAE0521B16157004327B2 /* Beta Groups */ = {
			isa = PBXGroup;
			children = (
				310FAE1021B16157004327B2 /* AddBetaTestersToBetaGroupTests.swift */,
				310FAE0A21B16157004327B2 /* AddBuildsToBetaGroupTests.swift */,
				310FAE1121B16157004327B2 /* CreateBetaGroupTests.swift */,
				310FAE1321B16157004327B2 /* DeleteBetaGroupTests.swift */,
				310FAE1421B16157004327B2 /* GetAppResourceIDForBetaGroupTests.swift */,
				310FAE0B21B16157004327B2 /* GetBetaTesterIDsInBetaGroupTests.swift */,
				310FAE0C21B16157004327B2 /* GetBuildIDsInBetaGroupTests.swift */,
				310FAE0921B16157004327B2 /* ListBetaGroupsTests.swift */,
				310FAE0721B16157004327B2 /* ListBetaTestersInBetaGroupTests.swift */,
				310FAE0D21B16157004327B2 /* ListBuildsForBetaGroupTests.swift */,
				310FAE0E21B16157004327B2 /* ModifyBetaGroupTests.swift */,
				310FAE1221B16157004327B2 /* ReadAppInformationOfBetaGroupTests.swift */,
				310FAE0621B16157004327B2 /* ReadBetaGroupInformationTests.swift */,
				310FAE0F21B16157004327B2 /* RemoveBetaTestersFromBetaGroupTests.swift */,
				310FAE0821B16157004327B2 /* RemoveBuildsFromBetaGroupTests.swift */,
			);
			path = "Beta Groups";
			sourceTree = "<group>";
		};
		318824BE21AD3C8500676DA7 /* Endpoints */ = {
			isa = PBXGroup;
			children = (
				318824BF21AD3D4900676DA7 /* TestFlight */,
			);
			path = Endpoints;
			sourceTree = "<group>";
		};
		318824BF21AD3D4900676DA7 /* TestFlight */ = {
			isa = PBXGroup;
			children = (
				318824C021AD3D5600676DA7 /* Apps */,
				310FAE0521B16157004327B2 /* Beta Groups */,
				310FADE021B1539E004327B2 /* Beta Tester Invitations */,
				31F3DF4521AEDD63006998D5 /* BetaTesters */,
			);
			path = TestFlight;
			sourceTree = "<group>";
		};
		318824C021AD3D5600676DA7 /* Apps */ = {
			isa = PBXGroup;
			children = (
				3183103921A8719F00638289 /* GetAppTests.swift */,
				318824E021AD409400676DA7 /* GetBetaAppLocalizationIDsOfAppTests.swift */,
				318824DE21AD409400676DA7 /* GetBetaAppReviewDetailsResourceIDForAppTests.swift */,
				318824DC21AD409400676DA7 /* GetBetaAppReviewDetailsResourceOfAppTests.swift */,
				318824DF21AD409400676DA7 /* GetBetaGroupIDsForAppTests.swift */,
				318824E221AD409400676DA7 /* GetBetaLicenseAgreementIDForAppTests.swift */,
				318824E721AD409500676DA7 /* GetBetaLicenseAgreementOfAppTests.swift */,
				318824E521AD409500676DA7 /* GetBuildIDsOfAppTests.swift */,
				318824E821AD409500676DA7 /* GetPrereleaseVersionIDsForAppTests.swift */,
				314DF9E321A6CB17008FFF99 /* ListAppsTests.swift */,
				318824E121AD409400676DA7 /* ListBetaAppLocalizationsOfAppTests.swift */,
				318824E621AD409500676DA7 /* ListBetaGroupsForAppTests.swift */,
				318824E321AD409400676DA7 /* ListBuildsOfAppTests.swift */,
				318824E421AD409400676DA7 /* ListPrereleaseVersionsForAppTests.swift */,
				3188254D21ADAC2900676DA7 /* RemoveBetaTestersFromGroupsAndBuildsOfAppTests.swift */,
			);
			path = Apps;
			sourceTree = "<group>";
		};
		31F3DF4521AEDD63006998D5 /* BetaTesters */ = {
			isa = PBXGroup;
			children = (
				31F3DF4A21AEDD63006998D5 /* AddBetaTesterToBetaGroupsTests.swift */,
				31F3DF5321AEDD63006998D5 /* AssignBetaTesterToBuildsTests.swift */,
				31F3DF4B21AEDD63006998D5 /* CreateBetaTesterTests.swift */,
				31F3DF4621AEDD63006998D5 /* DeleteBetaTesterTests.swift */,
				31F3DF5021AEDD63006998D5 /* GetAppResourceIDsForBetaTesterTests.swift */,
				31F3DF4E21AEDD63006998D5 /* GetBetaGroupIDsOfBetaTesterGroupsTests.swift */,
				31F3DF4721AEDD63006998D5 /* GetBetaTesterTests.swift */,
				31F3DF5221AEDD63006998D5 /* GetIDsOfBuildsAssignedToBetaTesterTests.swift */,
				31F3DF4D21AEDD63006998D5 /* ListAppsForBetaTesterTests.swift */,
				31F3DF4821AEDD63006998D5 /* ListBetaGroupsToWhichBetaTesterBelongsTests.swift */,
				31F3DF5121AEDD63006998D5 /* ListBetaTestersTests.swift */,
				31F3DF5421AEDD63006998D5 /* ListBuildsAssignedToBetaTesterTests.swift */,
				31F3DF4F21AEDD63006998D5 /* RemoveBetaTesterAccessToAppsTests.swift */,
				31F3DF4C21AEDD63006998D5 /* RemoveBetaTesterFromBetaGroupsTests.swift */,
				31F3DF4921AEDD63006998D5 /* UnassignBetaTesterFromBuildsTests.swift */,
			);
			path = BetaTesters;
			sourceTree = "<group>";
		};
		5EC662E00E6797B0D5F40279 /* Frameworks */ = {
			isa = PBXGroup;
			children = (
				ECADB7DD6CF6600E0251BBEC /* Pods_AppStoreConnect_Swift_SDK_Example.framework */,
				9639D4E6C89670B57FE7B4C3 /* Pods_AppStoreConnect_Swift_SDK_Tests.framework */,
			);
			name = Frameworks;
			sourceTree = "<group>";
		};
		607FACC71AFB9204008FA782 = {
			isa = PBXGroup;
			children = (
				607FACF51AFB993E008FA782 /* Podspec Metadata */,
				607FACD21AFB9204008FA782 /* Example for AppStoreConnect-Swift-SDK */,
				607FACE81AFB9204008FA782 /* Tests */,
				607FACD11AFB9204008FA782 /* Products */,
				AC1C7B774B002846FFECD849 /* Pods */,
				5EC662E00E6797B0D5F40279 /* Frameworks */,
			);
			sourceTree = "<group>";
		};
		607FACD11AFB9204008FA782 /* Products */ = {
			isa = PBXGroup;
			children = (
				607FACD01AFB9204008FA782 /* AppStoreConnect-Swift-SDK_Example.app */,
				607FACE51AFB9204008FA782 /* AppStoreConnect-Swift-SDK_Tests.xctest */,
			);
			name = Products;
			sourceTree = "<group>";
		};
		607FACD21AFB9204008FA782 /* Example for AppStoreConnect-Swift-SDK */ = {
			isa = PBXGroup;
			children = (
				607FACD51AFB9204008FA782 /* AppDelegate.swift */,
				607FACD71AFB9204008FA782 /* ViewController.swift */,
				607FACD91AFB9204008FA782 /* Main.storyboard */,
				607FACDC1AFB9204008FA782 /* Images.xcassets */,
				607FACDE1AFB9204008FA782 /* LaunchScreen.xib */,
				607FACD31AFB9204008FA782 /* Supporting Files */,
			);
			name = "Example for AppStoreConnect-Swift-SDK";
			path = "AppStoreConnect-Swift-SDK";
			sourceTree = "<group>";
		};
		607FACD31AFB9204008FA782 /* Supporting Files */ = {
			isa = PBXGroup;
			children = (
				607FACD41AFB9204008FA782 /* Info.plist */,
			);
			name = "Supporting Files";
			sourceTree = "<group>";
		};
		607FACE81AFB9204008FA782 /* Tests */ = {
			isa = PBXGroup;
			children = (
				318824BE21AD3C8500676DA7 /* Endpoints */,
				31F929E0219C6AC40061DEA5 /* JWTRequestsAuthenticatorTests.swift */,
				3183103721A8497800638289 /* QueryParameterTests.swift */,
				31F929E1219C6AC40061DEA5 /* JWTTests.swift */,
				607FACE91AFB9204008FA782 /* Supporting Files */,
			);
			path = Tests;
			sourceTree = "<group>";
		};
		607FACE91AFB9204008FA782 /* Supporting Files */ = {
			isa = PBXGroup;
			children = (
				607FACEA1AFB9204008FA782 /* Info.plist */,
			);
			name = "Supporting Files";
			sourceTree = "<group>";
		};
		607FACF51AFB993E008FA782 /* Podspec Metadata */ = {
			isa = PBXGroup;
			children = (
				DF1B520C60DCEDD8A035052B /* AppStoreConnect-Swift-SDK.podspec */,
				0AE4946149359034B7BCF9D5 /* README.md */,
				7AF06C0AA3919B41551ED7DD /* LICENSE */,
			);
			name = "Podspec Metadata";
			sourceTree = "<group>";
		};
		AC1C7B774B002846FFECD849 /* Pods */ = {
			isa = PBXGroup;
			children = (
				C76C6971C22EB75918256285 /* Pods-AppStoreConnect-Swift-SDK_Example.debug.xcconfig */,
				A5C30461425642D432A833EB /* Pods-AppStoreConnect-Swift-SDK_Example.release.xcconfig */,
				9524BFF0D0F07B79917BBFE2 /* Pods-AppStoreConnect-Swift-SDK_Tests.debug.xcconfig */,
				AB3C299B63F819BF718C3EF5 /* Pods-AppStoreConnect-Swift-SDK_Tests.release.xcconfig */,
			);
			name = Pods;
			sourceTree = "<group>";
		};
/* End PBXGroup section */

/* Begin PBXNativeTarget section */
		607FACCF1AFB9204008FA782 /* AppStoreConnect-Swift-SDK_Example */ = {
			isa = PBXNativeTarget;
			buildConfigurationList = 607FACEF1AFB9204008FA782 /* Build configuration list for PBXNativeTarget "AppStoreConnect-Swift-SDK_Example" */;
			buildPhases = (
				E53527511577B7EA678D4F70 /* [CP] Check Pods Manifest.lock */,
				607FACCC1AFB9204008FA782 /* Sources */,
				607FACCD1AFB9204008FA782 /* Frameworks */,
				607FACCE1AFB9204008FA782 /* Resources */,
				509F42D221986C9B005FDA31 /* Xcode 10 Build System Caching Fix */,
				502449DF21A0633B0073864A /* SwiftLint */,
				9514A4669AEB7687AD07DC32 /* [CP] Embed Pods Frameworks */,
			);
			buildRules = (
			);
			dependencies = (
			);
			name = "AppStoreConnect-Swift-SDK_Example";
			productName = "AppStoreConnect-Swift-SDK";
			productReference = 607FACD01AFB9204008FA782 /* AppStoreConnect-Swift-SDK_Example.app */;
			productType = "com.apple.product-type.application";
		};
		607FACE41AFB9204008FA782 /* AppStoreConnect-Swift-SDK_Tests */ = {
			isa = PBXNativeTarget;
			buildConfigurationList = 607FACF21AFB9204008FA782 /* Build configuration list for PBXNativeTarget "AppStoreConnect-Swift-SDK_Tests" */;
			buildPhases = (
				C8322B9EDF12FA0FDBDE9FFD /* [CP] Check Pods Manifest.lock */,
				607FACE11AFB9204008FA782 /* Sources */,
				607FACE21AFB9204008FA782 /* Frameworks */,
				607FACE31AFB9204008FA782 /* Resources */,
			);
			buildRules = (
			);
			dependencies = (
				607FACE71AFB9204008FA782 /* PBXTargetDependency */,
			);
			name = "AppStoreConnect-Swift-SDK_Tests";
			productName = Tests;
			productReference = 607FACE51AFB9204008FA782 /* AppStoreConnect-Swift-SDK_Tests.xctest */;
			productType = "com.apple.product-type.bundle.unit-test";
		};
/* End PBXNativeTarget section */

/* Begin PBXProject section */
		607FACC81AFB9204008FA782 /* Project object */ = {
			isa = PBXProject;
			attributes = {
				LastSwiftUpdateCheck = 0830;
				LastUpgradeCheck = 1010;
				ORGANIZATIONNAME = CocoaPods;
				TargetAttributes = {
					607FACCF1AFB9204008FA782 = {
						CreatedOnToolsVersion = 6.3.1;
						LastSwiftMigration = 0900;
						ProvisioningStyle = Manual;
					};
					607FACE41AFB9204008FA782 = {
						CreatedOnToolsVersion = 6.3.1;
						LastSwiftMigration = 1010;
						TestTargetID = 607FACCF1AFB9204008FA782;
					};
				};
			};
			buildConfigurationList = 607FACCB1AFB9204008FA782 /* Build configuration list for PBXProject "AppStoreConnect-Swift-SDK" */;
			compatibilityVersion = "Xcode 3.2";
			developmentRegion = English;
			hasScannedForEncodings = 0;
			knownRegions = (
				en,
				Base,
			);
			mainGroup = 607FACC71AFB9204008FA782;
			productRefGroup = 607FACD11AFB9204008FA782 /* Products */;
			projectDirPath = "";
			projectRoot = "";
			targets = (
				607FACCF1AFB9204008FA782 /* AppStoreConnect-Swift-SDK_Example */,
				607FACE41AFB9204008FA782 /* AppStoreConnect-Swift-SDK_Tests */,
			);
		};
/* End PBXProject section */

/* Begin PBXResourcesBuildPhase section */
		607FACCE1AFB9204008FA782 /* Resources */ = {
			isa = PBXResourcesBuildPhase;
			buildActionMask = 2147483647;
			files = (
				607FACDB1AFB9204008FA782 /* Main.storyboard in Resources */,
				607FACE01AFB9204008FA782 /* LaunchScreen.xib in Resources */,
				607FACDD1AFB9204008FA782 /* Images.xcassets in Resources */,
			);
			runOnlyForDeploymentPostprocessing = 0;
		};
		607FACE31AFB9204008FA782 /* Resources */ = {
			isa = PBXResourcesBuildPhase;
			buildActionMask = 2147483647;
			files = (
			);
			runOnlyForDeploymentPostprocessing = 0;
		};
/* End PBXResourcesBuildPhase section */

/* Begin PBXShellScriptBuildPhase section */
		502449DF21A0633B0073864A /* SwiftLint */ = {
			isa = PBXShellScriptBuildPhase;
			buildActionMask = 2147483647;
			files = (
			);
			inputFileListPaths = (
			);
			inputPaths = (
			);
			name = SwiftLint;
			outputFileListPaths = (
			);
			outputPaths = (
			);
			runOnlyForDeploymentPostprocessing = 0;
			shellPath = /bin/sh;
			shellScript = "if [ -z \"$CI\" ]; then\nif which swiftlint >/dev/null; then\nswiftlint --config \"${SRCROOT}/../../Submodules/WeTransfer-iOS-CI/SwiftLint/.swiftlint-source.yml\"\nswiftlint --config \"${SRCROOT}/../../Submodules/WeTransfer-iOS-CI/SwiftLint/.swiftlint-tests.yml\"\nelse\necho \"warning: SwiftLint not installed, download from https://github.com/realm/SwiftLint\"\nfi\nfi\n";
		};
		509F42D221986C9B005FDA31 /* Xcode 10 Build System Caching Fix */ = {
			isa = PBXShellScriptBuildPhase;
			buildActionMask = 2147483647;
			files = (
			);
			inputFileListPaths = (
			);
			inputPaths = (
			);
			name = "Xcode 10 Build System Caching Fix";
			outputFileListPaths = (
			);
			outputPaths = (
			);
			runOnlyForDeploymentPostprocessing = 0;
			shellPath = /bin/sh;
			shellScript = "# Type a script or drag a script file from your workspace to insert its path.\nfind \"${SRCROOT}/Pods\" -type f -name *frameworks.sh -exec bash -c \"touch \\\"{}\\\"\" \\;\n";
		};
		9514A4669AEB7687AD07DC32 /* [CP] Embed Pods Frameworks */ = {
			isa = PBXShellScriptBuildPhase;
			buildActionMask = 2147483647;
			files = (
			);
			inputFileListPaths = (
			);
			inputPaths = (
				"${SRCROOT}/Pods/Target Support Files/Pods-AppStoreConnect-Swift-SDK_Example/Pods-AppStoreConnect-Swift-SDK_Example-frameworks.sh",
				"${BUILT_PRODUCTS_DIR}/Alamofire/Alamofire.framework",
				"${BUILT_PRODUCTS_DIR}/AppStoreConnect-Swift-SDK/AppStoreConnect_Swift_SDK.framework",
			);
			name = "[CP] Embed Pods Frameworks";
			outputFileListPaths = (
			);
			outputPaths = (
				"${TARGET_BUILD_DIR}/${FRAMEWORKS_FOLDER_PATH}/Alamofire.framework",
				"${TARGET_BUILD_DIR}/${FRAMEWORKS_FOLDER_PATH}/AppStoreConnect_Swift_SDK.framework",
			);
			runOnlyForDeploymentPostprocessing = 0;
			shellPath = /bin/sh;
			shellScript = "\"${SRCROOT}/Pods/Target Support Files/Pods-AppStoreConnect-Swift-SDK_Example/Pods-AppStoreConnect-Swift-SDK_Example-frameworks.sh\"\n";
			showEnvVarsInLog = 0;
		};
		C8322B9EDF12FA0FDBDE9FFD /* [CP] Check Pods Manifest.lock */ = {
			isa = PBXShellScriptBuildPhase;
			buildActionMask = 2147483647;
			files = (
			);
			inputFileListPaths = (
			);
			inputPaths = (
				"${PODS_PODFILE_DIR_PATH}/Podfile.lock",
				"${PODS_ROOT}/Manifest.lock",
			);
			name = "[CP] Check Pods Manifest.lock";
			outputFileListPaths = (
			);
			outputPaths = (
				"$(DERIVED_FILE_DIR)/Pods-AppStoreConnect-Swift-SDK_Tests-checkManifestLockResult.txt",
			);
			runOnlyForDeploymentPostprocessing = 0;
			shellPath = /bin/sh;
			shellScript = "diff \"${PODS_PODFILE_DIR_PATH}/Podfile.lock\" \"${PODS_ROOT}/Manifest.lock\" > /dev/null\nif [ $? != 0 ] ; then\n    # print error to STDERR\n    echo \"error: The sandbox is not in sync with the Podfile.lock. Run 'pod install' or update your CocoaPods installation.\" >&2\n    exit 1\nfi\n# This output is used by Xcode 'outputs' to avoid re-running this script phase.\necho \"SUCCESS\" > \"${SCRIPT_OUTPUT_FILE_0}\"\n";
			showEnvVarsInLog = 0;
		};
		E53527511577B7EA678D4F70 /* [CP] Check Pods Manifest.lock */ = {
			isa = PBXShellScriptBuildPhase;
			buildActionMask = 2147483647;
			files = (
			);
			inputFileListPaths = (
			);
			inputPaths = (
				"${PODS_PODFILE_DIR_PATH}/Podfile.lock",
				"${PODS_ROOT}/Manifest.lock",
			);
			name = "[CP] Check Pods Manifest.lock";
			outputFileListPaths = (
			);
			outputPaths = (
				"$(DERIVED_FILE_DIR)/Pods-AppStoreConnect-Swift-SDK_Example-checkManifestLockResult.txt",
			);
			runOnlyForDeploymentPostprocessing = 0;
			shellPath = /bin/sh;
			shellScript = "diff \"${PODS_PODFILE_DIR_PATH}/Podfile.lock\" \"${PODS_ROOT}/Manifest.lock\" > /dev/null\nif [ $? != 0 ] ; then\n    # print error to STDERR\n    echo \"error: The sandbox is not in sync with the Podfile.lock. Run 'pod install' or update your CocoaPods installation.\" >&2\n    exit 1\nfi\n# This output is used by Xcode 'outputs' to avoid re-running this script phase.\necho \"SUCCESS\" > \"${SCRIPT_OUTPUT_FILE_0}\"\n";
			showEnvVarsInLog = 0;
		};
/* End PBXShellScriptBuildPhase section */

/* Begin PBXSourcesBuildPhase section */
		607FACCC1AFB9204008FA782 /* Sources */ = {
			isa = PBXSourcesBuildPhase;
			buildActionMask = 2147483647;
			files = (
				607FACD81AFB9204008FA782 /* ViewController.swift in Sources */,
				607FACD61AFB9204008FA782 /* AppDelegate.swift in Sources */,
			);
			runOnlyForDeploymentPostprocessing = 0;
		};
		607FACE11AFB9204008FA782 /* Sources */ = {
			isa = PBXSourcesBuildPhase;
			buildActionMask = 2147483647;
			files = (
				31F3DF6321AEDD63006998D5 /* ListBuildsAssignedToBetaTesterTests.swift in Sources */,
				310FAE1621B16157004327B2 /* ListBetaTestersInBetaGroupTests.swift in Sources */,
				31F929E2219C6AC40061DEA5 /* JWTRequestsAuthenticatorTests.swift in Sources */,
				31F3DF5B21AEDD63006998D5 /* RemoveBetaTesterFromBetaGroupsTests.swift in Sources */,
				314DF9E421A6CB17008FFF99 /* ListAppsTests.swift in Sources */,
				310FAE2121B16157004327B2 /* ReadAppInformationOfBetaGroupTests.swift in Sources */,
				310FAE2021B16157004327B2 /* CreateBetaGroupTests.swift in Sources */,
				31F3DF5721AEDD63006998D5 /* ListBetaGroupsToWhichBetaTesterBelongsTests.swift in Sources */,
				31F3DF5821AEDD63006998D5 /* UnassignBetaTesterFromBuildsTests.swift in Sources */,
				31F3DF5921AEDD63006998D5 /* AddBetaTesterToBetaGroupsTests.swift in Sources */,
				318824F521AD409500676DA7 /* GetPrereleaseVersionIDsForAppTests.swift in Sources */,
				31F3DF6221AEDD63006998D5 /* AssignBetaTesterToBuildsTests.swift in Sources */,
				318824F121AD409500676DA7 /* ListPrereleaseVersionsForAppTests.swift in Sources */,
				318824EC21AD409500676DA7 /* GetBetaGroupIDsForAppTests.swift in Sources */,
				31F3DF5A21AEDD63006998D5 /* CreateBetaTesterTests.swift in Sources */,
				310FAE1921B16157004327B2 /* AddBuildsToBetaGroupTests.swift in Sources */,
				310FAE1D21B16157004327B2 /* ModifyBetaGroupTests.swift in Sources */,
				310FADE221B153B8004327B2 /* SendInvitationToBetaTesterTests.swift in Sources */,
				310FAE1521B16157004327B2 /* ReadBetaGroupInformationTests.swift in Sources */,
				310FAE1821B16157004327B2 /* ListBetaGroupsTests.swift in Sources */,
				318824F221AD409500676DA7 /* GetBuildIDsOfAppTests.swift in Sources */,
				31F3DF5521AEDD63006998D5 /* DeleteBetaTesterTests.swift in Sources */,
				3188254E21ADAC2900676DA7 /* RemoveBetaTestersFromGroupsAndBuildsOfAppTests.swift in Sources */,
				318824EE21AD409500676DA7 /* ListBetaAppLocalizationsOfAppTests.swift in Sources */,
				31F3DF5F21AEDD63006998D5 /* GetAppResourceIDsForBetaTesterTests.swift in Sources */,
				318824EB21AD409500676DA7 /* GetBetaAppReviewDetailsResourceIDForAppTests.swift in Sources */,
				31F3DF6021AEDD63006998D5 /* ListBetaTestersTests.swift in Sources */,
				318824F421AD409500676DA7 /* GetBetaLicenseAgreementOfAppTests.swift in Sources */,
				310FAE1B21B16157004327B2 /* GetBuildIDsInBetaGroupTests.swift in Sources */,
				310FAE1C21B16157004327B2 /* ListBuildsForBetaGroupTests.swift in Sources */,
				3183103821A8497800638289 /* QueryParameterTests.swift in Sources */,
				3183103A21A8719F00638289 /* GetAppTests.swift in Sources */,
				318824EF21AD409500676DA7 /* GetBetaLicenseAgreementIDForAppTests.swift in Sources */,
				318824F021AD409500676DA7 /* ListBuildsOfAppTests.swift in Sources */,
				318824ED21AD409500676DA7 /* GetBetaAppLocalizationIDsOfAppTests.swift in Sources */,
				318824F321AD409500676DA7 /* ListBetaGroupsForAppTests.swift in Sources */,
				310FAE2221B16157004327B2 /* DeleteBetaGroupTests.swift in Sources */,
				310FAE1F21B16157004327B2 /* AddBetaTestersToBetaGroupTests.swift in Sources */,
				310FAE1A21B16157004327B2 /* GetBetaTesterIDsInBetaGroupTests.swift in Sources */,
				31F3DF5C21AEDD63006998D5 /* ListAppsForBetaTesterTests.swift in Sources */,
				310FAE1E21B16157004327B2 /* RemoveBetaTestersFromBetaGroupTests.swift in Sources */,
				310FAE1721B16157004327B2 /* RemoveBuildsFromBetaGroupTests.swift in Sources */,
				310FAE2321B16157004327B2 /* GetAppResourceIDForBetaGroupTests.swift in Sources */,
				31F3DF5E21AEDD63006998D5 /* RemoveBetaTesterAccessToAppsTests.swift in Sources */,
				31F3DF5621AEDD63006998D5 /* GetBetaTesterTests.swift in Sources */,
				318824E921AD409500676DA7 /* GetBetaAppReviewDetailsResourceOfAppTests.swift in Sources */,
				31F3DF5D21AEDD63006998D5 /* GetBetaGroupIDsOfBetaTesterGroupsTests.swift in Sources */,
				31F929E3219C6AC40061DEA5 /* JWTTests.swift in Sources */,
				31F3DF6121AEDD63006998D5 /* GetIDsOfBuildsAssignedToBetaTesterTests.swift in Sources */,
			);
			runOnlyForDeploymentPostprocessing = 0;
		};
/* End PBXSourcesBuildPhase section */

/* Begin PBXTargetDependency section */
		607FACE71AFB9204008FA782 /* PBXTargetDependency */ = {
			isa = PBXTargetDependency;
			target = 607FACCF1AFB9204008FA782 /* AppStoreConnect-Swift-SDK_Example */;
			targetProxy = 607FACE61AFB9204008FA782 /* PBXContainerItemProxy */;
		};
/* End PBXTargetDependency section */

/* Begin PBXVariantGroup section */
		607FACD91AFB9204008FA782 /* Main.storyboard */ = {
			isa = PBXVariantGroup;
			children = (
				607FACDA1AFB9204008FA782 /* Base */,
			);
			name = Main.storyboard;
			sourceTree = "<group>";
		};
		607FACDE1AFB9204008FA782 /* LaunchScreen.xib */ = {
			isa = PBXVariantGroup;
			children = (
				607FACDF1AFB9204008FA782 /* Base */,
			);
			name = LaunchScreen.xib;
			sourceTree = "<group>";
		};
/* End PBXVariantGroup section */

/* Begin XCBuildConfiguration section */
		607FACED1AFB9204008FA782 /* Debug */ = {
			isa = XCBuildConfiguration;
			buildSettings = {
				ALWAYS_SEARCH_USER_PATHS = NO;
				CLANG_CXX_LANGUAGE_STANDARD = "gnu++0x";
				CLANG_CXX_LIBRARY = "libc++";
				CLANG_ENABLE_MODULES = YES;
				CLANG_ENABLE_OBJC_ARC = YES;
				CLANG_WARN_BLOCK_CAPTURE_AUTORELEASING = YES;
				CLANG_WARN_BOOL_CONVERSION = YES;
				CLANG_WARN_COMMA = YES;
				CLANG_WARN_CONSTANT_CONVERSION = YES;
				CLANG_WARN_DEPRECATED_OBJC_IMPLEMENTATIONS = YES;
				CLANG_WARN_DIRECT_OBJC_ISA_USAGE = YES_ERROR;
				CLANG_WARN_EMPTY_BODY = YES;
				CLANG_WARN_ENUM_CONVERSION = YES;
				CLANG_WARN_INFINITE_RECURSION = YES;
				CLANG_WARN_INT_CONVERSION = YES;
				CLANG_WARN_NON_LITERAL_NULL_CONVERSION = YES;
				CLANG_WARN_OBJC_IMPLICIT_RETAIN_SELF = YES;
				CLANG_WARN_OBJC_LITERAL_CONVERSION = YES;
				CLANG_WARN_OBJC_ROOT_CLASS = YES_ERROR;
				CLANG_WARN_RANGE_LOOP_ANALYSIS = YES;
				CLANG_WARN_STRICT_PROTOTYPES = YES;
				CLANG_WARN_SUSPICIOUS_MOVE = YES;
				CLANG_WARN_UNREACHABLE_CODE = YES;
				CLANG_WARN__DUPLICATE_METHOD_MATCH = YES;
				"CODE_SIGN_IDENTITY[sdk=iphoneos*]" = "iPhone Developer";
				COPY_PHASE_STRIP = NO;
				DEBUG_INFORMATION_FORMAT = "dwarf-with-dsym";
				ENABLE_STRICT_OBJC_MSGSEND = YES;
				ENABLE_TESTABILITY = YES;
				GCC_C_LANGUAGE_STANDARD = gnu99;
				GCC_DYNAMIC_NO_PIC = NO;
				GCC_NO_COMMON_BLOCKS = YES;
				GCC_OPTIMIZATION_LEVEL = 0;
				GCC_PREPROCESSOR_DEFINITIONS = (
					"DEBUG=1",
					"$(inherited)",
				);
				GCC_SYMBOLS_PRIVATE_EXTERN = NO;
				GCC_WARN_64_TO_32_BIT_CONVERSION = YES;
				GCC_WARN_ABOUT_RETURN_TYPE = YES_ERROR;
				GCC_WARN_UNDECLARED_SELECTOR = YES;
				GCC_WARN_UNINITIALIZED_AUTOS = YES_AGGRESSIVE;
				GCC_WARN_UNUSED_FUNCTION = YES;
				GCC_WARN_UNUSED_VARIABLE = YES;
				IPHONEOS_DEPLOYMENT_TARGET = 11.0;
				MTL_ENABLE_DEBUG_INFO = YES;
				ONLY_ACTIVE_ARCH = YES;
				SDKROOT = iphoneos;
				SWIFT_OPTIMIZATION_LEVEL = "-Onone";
			};
			name = Debug;
		};
		607FACEE1AFB9204008FA782 /* Release */ = {
			isa = XCBuildConfiguration;
			buildSettings = {
				ALWAYS_SEARCH_USER_PATHS = NO;
				CLANG_CXX_LANGUAGE_STANDARD = "gnu++0x";
				CLANG_CXX_LIBRARY = "libc++";
				CLANG_ENABLE_MODULES = YES;
				CLANG_ENABLE_OBJC_ARC = YES;
				CLANG_WARN_BLOCK_CAPTURE_AUTORELEASING = YES;
				CLANG_WARN_BOOL_CONVERSION = YES;
				CLANG_WARN_COMMA = YES;
				CLANG_WARN_CONSTANT_CONVERSION = YES;
				CLANG_WARN_DEPRECATED_OBJC_IMPLEMENTATIONS = YES;
				CLANG_WARN_DIRECT_OBJC_ISA_USAGE = YES_ERROR;
				CLANG_WARN_EMPTY_BODY = YES;
				CLANG_WARN_ENUM_CONVERSION = YES;
				CLANG_WARN_INFINITE_RECURSION = YES;
				CLANG_WARN_INT_CONVERSION = YES;
				CLANG_WARN_NON_LITERAL_NULL_CONVERSION = YES;
				CLANG_WARN_OBJC_IMPLICIT_RETAIN_SELF = YES;
				CLANG_WARN_OBJC_LITERAL_CONVERSION = YES;
				CLANG_WARN_OBJC_ROOT_CLASS = YES_ERROR;
				CLANG_WARN_RANGE_LOOP_ANALYSIS = YES;
				CLANG_WARN_STRICT_PROTOTYPES = YES;
				CLANG_WARN_SUSPICIOUS_MOVE = YES;
				CLANG_WARN_UNREACHABLE_CODE = YES;
				CLANG_WARN__DUPLICATE_METHOD_MATCH = YES;
				"CODE_SIGN_IDENTITY[sdk=iphoneos*]" = "iPhone Developer";
				COPY_PHASE_STRIP = NO;
				DEBUG_INFORMATION_FORMAT = "dwarf-with-dsym";
				ENABLE_NS_ASSERTIONS = NO;
				ENABLE_STRICT_OBJC_MSGSEND = YES;
				GCC_C_LANGUAGE_STANDARD = gnu99;
				GCC_NO_COMMON_BLOCKS = YES;
				GCC_WARN_64_TO_32_BIT_CONVERSION = YES;
				GCC_WARN_ABOUT_RETURN_TYPE = YES_ERROR;
				GCC_WARN_UNDECLARED_SELECTOR = YES;
				GCC_WARN_UNINITIALIZED_AUTOS = YES_AGGRESSIVE;
				GCC_WARN_UNUSED_FUNCTION = YES;
				GCC_WARN_UNUSED_VARIABLE = YES;
				IPHONEOS_DEPLOYMENT_TARGET = 11.0;
				MTL_ENABLE_DEBUG_INFO = NO;
				SDKROOT = iphoneos;
				SWIFT_OPTIMIZATION_LEVEL = "-Owholemodule";
				VALIDATE_PRODUCT = YES;
			};
			name = Release;
		};
		607FACF01AFB9204008FA782 /* Debug */ = {
			isa = XCBuildConfiguration;
			baseConfigurationReference = C76C6971C22EB75918256285 /* Pods-AppStoreConnect-Swift-SDK_Example.debug.xcconfig */;
			buildSettings = {
				ASSETCATALOG_COMPILER_APPICON_NAME = AppIcon;
				CODE_SIGN_STYLE = Manual;
				DEVELOPMENT_TEAM = "";
				INFOPLIST_FILE = "AppStoreConnect-Swift-SDK/Info.plist";
				IPHONEOS_DEPLOYMENT_TARGET = 11.0;
				LD_RUNPATH_SEARCH_PATHS = "$(inherited) @executable_path/Frameworks";
				MODULE_NAME = ExampleApp;
				PRODUCT_BUNDLE_IDENTIFIER = "org.cocoapods.demo.$(PRODUCT_NAME:rfc1034identifier)";
				PRODUCT_NAME = "$(TARGET_NAME)";
				PROVISIONING_PROFILE_SPECIFIER = "";
				SWIFT_SWIFT3_OBJC_INFERENCE = Default;
				SWIFT_VERSION = 4.2;
			};
			name = Debug;
		};
		607FACF11AFB9204008FA782 /* Release */ = {
			isa = XCBuildConfiguration;
			baseConfigurationReference = A5C30461425642D432A833EB /* Pods-AppStoreConnect-Swift-SDK_Example.release.xcconfig */;
			buildSettings = {
				ASSETCATALOG_COMPILER_APPICON_NAME = AppIcon;
				CODE_SIGN_STYLE = Manual;
				DEVELOPMENT_TEAM = "";
				INFOPLIST_FILE = "AppStoreConnect-Swift-SDK/Info.plist";
				IPHONEOS_DEPLOYMENT_TARGET = 11.0;
				LD_RUNPATH_SEARCH_PATHS = "$(inherited) @executable_path/Frameworks";
				MODULE_NAME = ExampleApp;
				PRODUCT_BUNDLE_IDENTIFIER = "org.cocoapods.demo.$(PRODUCT_NAME:rfc1034identifier)";
				PRODUCT_NAME = "$(TARGET_NAME)";
				PROVISIONING_PROFILE_SPECIFIER = "";
				SWIFT_SWIFT3_OBJC_INFERENCE = Default;
				SWIFT_VERSION = 4.2;
			};
			name = Release;
		};
		607FACF31AFB9204008FA782 /* Debug */ = {
			isa = XCBuildConfiguration;
			baseConfigurationReference = 9524BFF0D0F07B79917BBFE2 /* Pods-AppStoreConnect-Swift-SDK_Tests.debug.xcconfig */;
			buildSettings = {
				CLANG_ENABLE_MODULES = YES;
				DEVELOPMENT_TEAM = "";
				FRAMEWORK_SEARCH_PATHS = (
					"$(SDKROOT)/Developer/Library/Frameworks",
					"$(inherited)",
				);
				GCC_PREPROCESSOR_DEFINITIONS = (
					"DEBUG=1",
					"$(inherited)",
				);
				INFOPLIST_FILE = Tests/Info.plist;
				IPHONEOS_DEPLOYMENT_TARGET = 11.0;
				LD_RUNPATH_SEARCH_PATHS = "$(inherited) @executable_path/Frameworks @loader_path/Frameworks";
				PRODUCT_BUNDLE_IDENTIFIER = "org.cocoapods.$(PRODUCT_NAME:rfc1034identifier)";
				PRODUCT_NAME = "$(TARGET_NAME)";
				SWIFT_OPTIMIZATION_LEVEL = "-Onone";
				SWIFT_SWIFT3_OBJC_INFERENCE = Default;
				SWIFT_VERSION = 4.2;
				TEST_HOST = "$(BUILT_PRODUCTS_DIR)/AppStoreConnect-Swift-SDK_Example.app/AppStoreConnect-Swift-SDK_Example";
			};
			name = Debug;
		};
		607FACF41AFB9204008FA782 /* Release */ = {
			isa = XCBuildConfiguration;
			baseConfigurationReference = AB3C299B63F819BF718C3EF5 /* Pods-AppStoreConnect-Swift-SDK_Tests.release.xcconfig */;
			buildSettings = {
				CLANG_ENABLE_MODULES = YES;
				DEVELOPMENT_TEAM = "";
				FRAMEWORK_SEARCH_PATHS = (
					"$(SDKROOT)/Developer/Library/Frameworks",
					"$(inherited)",
				);
				INFOPLIST_FILE = Tests/Info.plist;
				IPHONEOS_DEPLOYMENT_TARGET = 11.0;
				LD_RUNPATH_SEARCH_PATHS = "$(inherited) @executable_path/Frameworks @loader_path/Frameworks";
				PRODUCT_BUNDLE_IDENTIFIER = "org.cocoapods.$(PRODUCT_NAME:rfc1034identifier)";
				PRODUCT_NAME = "$(TARGET_NAME)";
				SWIFT_SWIFT3_OBJC_INFERENCE = Default;
				SWIFT_VERSION = 4.2;
				TEST_HOST = "$(BUILT_PRODUCTS_DIR)/AppStoreConnect-Swift-SDK_Example.app/AppStoreConnect-Swift-SDK_Example";
			};
			name = Release;
		};
/* End XCBuildConfiguration section */

/* Begin XCConfigurationList section */
		607FACCB1AFB9204008FA782 /* Build configuration list for PBXProject "AppStoreConnect-Swift-SDK" */ = {
			isa = XCConfigurationList;
			buildConfigurations = (
				607FACED1AFB9204008FA782 /* Debug */,
				607FACEE1AFB9204008FA782 /* Release */,
			);
			defaultConfigurationIsVisible = 0;
			defaultConfigurationName = Release;
		};
		607FACEF1AFB9204008FA782 /* Build configuration list for PBXNativeTarget "AppStoreConnect-Swift-SDK_Example" */ = {
			isa = XCConfigurationList;
			buildConfigurations = (
				607FACF01AFB9204008FA782 /* Debug */,
				607FACF11AFB9204008FA782 /* Release */,
			);
			defaultConfigurationIsVisible = 0;
			defaultConfigurationName = Release;
		};
		607FACF21AFB9204008FA782 /* Build configuration list for PBXNativeTarget "AppStoreConnect-Swift-SDK_Tests" */ = {
			isa = XCConfigurationList;
			buildConfigurations = (
				607FACF31AFB9204008FA782 /* Debug */,
				607FACF41AFB9204008FA782 /* Release */,
			);
			defaultConfigurationIsVisible = 0;
			defaultConfigurationName = Release;
		};
/* End XCConfigurationList section */
	};
	rootObject = 607FACC81AFB9204008FA782 /* Project object */;
}
