// !$*UTF8*$!
{
	archiveVersion = 1;
	classes = {
	};
	objectVersion = 55;
	objects = {

/* Begin PBXBuildFile section */
		848494CA287C8E5D008805C2 /* AppStoreConnectAPIExampleApp.swift in Sources */ = {isa = PBXBuildFile; fileRef = 848494BA287C8E5C008805C2 /* AppStoreConnectAPIExampleApp.swift */; };
		848494CB287C8E5D008805C2 /* AppStoreConnectAPIExampleApp.swift in Sources */ = {isa = PBXBuildFile; fileRef = 848494BA287C8E5C008805C2 /* AppStoreConnectAPIExampleApp.swift */; };
		848494CC287C8E5D008805C2 /* AppsListView.swift in Sources */ = {isa = PBXBuildFile; fileRef = 848494BB287C8E5C008805C2 /* AppsListView.swift */; };
		848494CD287C8E5D008805C2 /* AppsListView.swift in Sources */ = {isa = PBXBuildFile; fileRef = 848494BB287C8E5C008805C2 /* AppsListView.swift */; };
		848494CE287C8E5D008805C2 /* Assets.xcassets in Resources */ = {isa = PBXBuildFile; fileRef = 848494BC287C8E5D008805C2 /* Assets.xcassets */; };
		848494CF287C8E5D008805C2 /* Assets.xcassets in Resources */ = {isa = PBXBuildFile; fileRef = 848494BC287C8E5D008805C2 /* Assets.xcassets */; };
		848494DE287C8FAB008805C2 /* AppStoreConnect-Swift-SDK in Frameworks */ = {isa = PBXBuildFile; productRef = 848494DD287C8FAB008805C2 /* AppStoreConnect-Swift-SDK */; };
		848494E0287C8FAE008805C2 /* AppStoreConnect-Swift-SDK in Frameworks */ = {isa = PBXBuildFile; productRef = 848494DF287C8FAE008805C2 /* AppStoreConnect-Swift-SDK */; };
/* End PBXBuildFile section */

/* Begin PBXFileReference section */
		848494BA287C8E5C008805C2 /* AppStoreConnectAPIExampleApp.swift */ = {isa = PBXFileReference; lastKnownFileType = sourcecode.swift; path = AppStoreConnectAPIExampleApp.swift; sourceTree = "<group>"; };
		848494BB287C8E5C008805C2 /* AppsListView.swift */ = {isa = PBXFileReference; lastKnownFileType = sourcecode.swift; path = AppsListView.swift; sourceTree = "<group>"; };
		848494BC287C8E5D008805C2 /* Assets.xcassets */ = {isa = PBXFileReference; lastKnownFileType = folder.assetcatalog; path = Assets.xcassets; sourceTree = "<group>"; };
		848494C1287C8E5D008805C2 /* AppStoreConnectAPIExample.app */ = {isa = PBXFileReference; explicitFileType = wrapper.application; includeInIndex = 0; path = AppStoreConnectAPIExample.app; sourceTree = BUILT_PRODUCTS_DIR; };
		848494C7287C8E5D008805C2 /* AppStoreConnectAPIExample.app */ = {isa = PBXFileReference; explicitFileType = wrapper.application; includeInIndex = 0; path = AppStoreConnectAPIExample.app; sourceTree = BUILT_PRODUCTS_DIR; };
		848494C9287C8E5D008805C2 /* macOS.entitlements */ = {isa = PBXFileReference; lastKnownFileType = text.plist.entitlements; path = macOS.entitlements; sourceTree = "<group>"; };
		848494DB287C8EBE008805C2 /* appstoreconnect-swift-sdk */ = {isa = PBXFileReference; lastKnownFileType = wrapper; name = "appstoreconnect-swift-sdk"; path = ../..; sourceTree = "<group>"; };
/* End PBXFileReference section */

/* Begin PBXFrameworksBuildPhase section */
		848494BE287C8E5D008805C2 /* Frameworks */ = {
			isa = PBXFrameworksBuildPhase;
			buildActionMask = 2147483647;
			files = (
				848494DE287C8FAB008805C2 /* AppStoreConnect-Swift-SDK in Frameworks */,
			);
			runOnlyForDeploymentPostprocessing = 0;
		};
		848494C4287C8E5D008805C2 /* Frameworks */ = {
			isa = PBXFrameworksBuildPhase;
			buildActionMask = 2147483647;
			files = (
				848494E0287C8FAE008805C2 /* AppStoreConnect-Swift-SDK in Frameworks */,
			);
			runOnlyForDeploymentPostprocessing = 0;
		};
/* End PBXFrameworksBuildPhase section */

/* Begin PBXGroup section */
		848494B4287C8E5C008805C2 = {
			isa = PBXGroup;
			children = (
				848494DB287C8EBE008805C2 /* appstoreconnect-swift-sdk */,
				848494B9287C8E5C008805C2 /* Shared */,
				848494C8287C8E5D008805C2 /* macOS */,
				848494C2287C8E5D008805C2 /* Products */,
				848494DC287C8FAB008805C2 /* Frameworks */,
			);
			sourceTree = "<group>";
		};
		848494B9287C8E5C008805C2 /* Shared */ = {
			isa = PBXGroup;
			children = (
				848494BA287C8E5C008805C2 /* AppStoreConnectAPIExampleApp.swift */,
				848494BB287C8E5C008805C2 /* AppsListView.swift */,
				848494BC287C8E5D008805C2 /* Assets.xcassets */,
			);
			path = Shared;
			sourceTree = "<group>";
		};
		848494C2287C8E5D008805C2 /* Products */ = {
			isa = PBXGroup;
			children = (
				848494C1287C8E5D008805C2 /* AppStoreConnectAPIExample.app */,
				848494C7287C8E5D008805C2 /* AppStoreConnectAPIExample.app */,
			);
			name = Products;
			sourceTree = "<group>";
		};
		848494C8287C8E5D008805C2 /* macOS */ = {
			isa = PBXGroup;
			children = (
				848494C9287C8E5D008805C2 /* macOS.entitlements */,
			);
			path = macOS;
			sourceTree = "<group>";
		};
		848494DC287C8FAB008805C2 /* Frameworks */ = {
			isa = PBXGroup;
			children = (
			);
			name = Frameworks;
			sourceTree = "<group>";
		};
/* End PBXGroup section */

/* Begin PBXNativeTarget section */
		848494C0287C8E5D008805C2 /* AppStoreConnectAPIExample (iOS) */ = {
			isa = PBXNativeTarget;
			buildConfigurationList = 848494D2287C8E5D008805C2 /* Build configuration list for PBXNativeTarget "AppStoreConnectAPIExample (iOS)" */;
			buildPhases = (
				848494BD287C8E5D008805C2 /* Sources */,
				848494BE287C8E5D008805C2 /* Frameworks */,
				848494BF287C8E5D008805C2 /* Resources */,
			);
			buildRules = (
			);
			dependencies = (
			);
			name = "AppStoreConnectAPIExample (iOS)";
			packageProductDependencies = (
				848494DD287C8FAB008805C2 /* AppStoreConnect-Swift-SDK */,
			);
			productName = "AppStoreConnectAPIExample (iOS)";
			productReference = 848494C1287C8E5D008805C2 /* AppStoreConnectAPIExample.app */;
			productType = "com.apple.product-type.application";
		};
		848494C6287C8E5D008805C2 /* AppStoreConnectAPIExample (macOS) */ = {
			isa = PBXNativeTarget;
			buildConfigurationList = 848494D5287C8E5D008805C2 /* Build configuration list for PBXNativeTarget "AppStoreConnectAPIExample (macOS)" */;
			buildPhases = (
				848494C3287C8E5D008805C2 /* Sources */,
				848494C4287C8E5D008805C2 /* Frameworks */,
				848494C5287C8E5D008805C2 /* Resources */,
			);
			buildRules = (
			);
			dependencies = (
			);
			name = "AppStoreConnectAPIExample (macOS)";
			packageProductDependencies = (
				848494DF287C8FAE008805C2 /* AppStoreConnect-Swift-SDK */,
			);
			productName = "AppStoreConnectAPIExample (macOS)";
			productReference = 848494C7287C8E5D008805C2 /* AppStoreConnectAPIExample.app */;
			productType = "com.apple.product-type.application";
		};
/* End PBXNativeTarget section */

/* Begin PBXProject section */
		848494B5287C8E5C008805C2 /* Project object */ = {
			isa = PBXProject;
			attributes = {
				BuildIndependentTargetsInParallel = 1;
				LastSwiftUpdateCheck = 1340;
				LastUpgradeCheck = 1340;
				TargetAttributes = {
					848494C0287C8E5D008805C2 = {
						CreatedOnToolsVersion = 13.4.1;
					};
					848494C6287C8E5D008805C2 = {
						CreatedOnToolsVersion = 13.4.1;
					};
				};
			};
			buildConfigurationList = 848494B8287C8E5C008805C2 /* Build configuration list for PBXProject "AppStoreConnectAPIExample" */;
			compatibilityVersion = "Xcode 13.0";
			developmentRegion = en;
			hasScannedForEncodings = 0;
			knownRegions = (
				en,
				Base,
			);
			mainGroup = 848494B4287C8E5C008805C2;
			productRefGroup = 848494C2287C8E5D008805C2 /* Products */;
			projectDirPath = "";
			projectRoot = "";
			targets = (
				848494C0287C8E5D008805C2 /* AppStoreConnectAPIExample (iOS) */,
				848494C6287C8E5D008805C2 /* AppStoreConnectAPIExample (macOS) */,
			);
		};
/* End PBXProject section */

/* Begin PBXResourcesBuildPhase section */
		848494BF287C8E5D008805C2 /* Resources */ = {
			isa = PBXResourcesBuildPhase;
			buildActionMask = 2147483647;
			files = (
				848494CE287C8E5D008805C2 /* Assets.xcassets in Resources */,
			);
			runOnlyForDeploymentPostprocessing = 0;
		};
		848494C5287C8E5D008805C2 /* Resources */ = {
			isa = PBXResourcesBuildPhase;
			buildActionMask = 2147483647;
			files = (
				848494CF287C8E5D008805C2 /* Assets.xcassets in Resources */,
			);
			runOnlyForDeploymentPostprocessing = 0;
		};
/* End PBXResourcesBuildPhase section */

/* Begin PBXSourcesBuildPhase section */
		848494BD287C8E5D008805C2 /* Sources */ = {
			isa = PBXSourcesBuildPhase;
			buildActionMask = 2147483647;
			files = (
				848494CC287C8E5D008805C2 /* AppsListView.swift in Sources */,
				848494CA287C8E5D008805C2 /* AppStoreConnectAPIExampleApp.swift in Sources */,
			);
			runOnlyForDeploymentPostprocessing = 0;
		};
		848494C3287C8E5D008805C2 /* Sources */ = {
			isa = PBXSourcesBuildPhase;
			buildActionMask = 2147483647;
			files = (
				848494CD287C8E5D008805C2 /* AppsListView.swift in Sources */,
				848494CB287C8E5D008805C2 /* AppStoreConnectAPIExampleApp.swift in Sources */,
			);
			runOnlyForDeploymentPostprocessing = 0;
		};
/* End PBXSourcesBuildPhase section */

/* Begin XCBuildConfiguration section */
		848494D0287C8E5D008805C2 /* Debug */ = {
			isa = XCBuildConfiguration;
			buildSettings = {
				ALWAYS_SEARCH_USER_PATHS = NO;
				CLANG_ANALYZER_NONNULL = YES;
				CLANG_ANALYZER_NUMBER_OBJECT_CONVERSION = YES_AGGRESSIVE;
				CLANG_CXX_LANGUAGE_STANDARD = "gnu++17";
				CLANG_ENABLE_MODULES = YES;
				CLANG_ENABLE_OBJC_ARC = YES;
				CLANG_ENABLE_OBJC_WEAK = YES;
				CLANG_WARN_BLOCK_CAPTURE_AUTORELEASING = YES;
				CLANG_WARN_BOOL_CONVERSION = YES;
				CLANG_WARN_COMMA = YES;
				CLANG_WARN_CONSTANT_CONVERSION = YES;
				CLANG_WARN_DEPRECATED_OBJC_IMPLEMENTATIONS = YES;
				CLANG_WARN_DIRECT_OBJC_ISA_USAGE = YES_ERROR;
				CLANG_WARN_DOCUMENTATION_COMMENTS = YES;
				CLANG_WARN_EMPTY_BODY = YES;
				CLANG_WARN_ENUM_CONVERSION = YES;
				CLANG_WARN_INFINITE_RECURSION = YES;
				CLANG_WARN_INT_CONVERSION = YES;
				CLANG_WARN_NON_LITERAL_NULL_CONVERSION = YES;
				CLANG_WARN_OBJC_IMPLICIT_RETAIN_SELF = YES;
				CLANG_WARN_OBJC_LITERAL_CONVERSION = YES;
				CLANG_WARN_OBJC_ROOT_CLASS = YES_ERROR;
				CLANG_WARN_QUOTED_INCLUDE_IN_FRAMEWORK_HEADER = YES;
				CLANG_WARN_RANGE_LOOP_ANALYSIS = YES;
				CLANG_WARN_STRICT_PROTOTYPES = YES;
				CLANG_WARN_SUSPICIOUS_MOVE = YES;
				CLANG_WARN_UNGUARDED_AVAILABILITY = YES_AGGRESSIVE;
				CLANG_WARN_UNREACHABLE_CODE = YES;
				CLANG_WARN__DUPLICATE_METHOD_MATCH = YES;
				COPY_PHASE_STRIP = NO;
				DEBUG_INFORMATION_FORMAT = dwarf;
				ENABLE_STRICT_OBJC_MSGSEND = YES;
				ENABLE_TESTABILITY = YES;
				GCC_C_LANGUAGE_STANDARD = gnu11;
				GCC_DYNAMIC_NO_PIC = NO;
				GCC_NO_COMMON_BLOCKS = YES;
				GCC_OPTIMIZATION_LEVEL = 0;
				GCC_PREPROCESSOR_DEFINITIONS = (
					"DEBUG=1",
					"$(inherited)",
				);
				GCC_WARN_64_TO_32_BIT_CONVERSION = YES;
				GCC_WARN_ABOUT_RETURN_TYPE = YES_ERROR;
				GCC_WARN_UNDECLARED_SELECTOR = YES;
				GCC_WARN_UNINITIALIZED_AUTOS = YES_AGGRESSIVE;
				GCC_WARN_UNUSED_FUNCTION = YES;
				GCC_WARN_UNUSED_VARIABLE = YES;
				MTL_ENABLE_DEBUG_INFO = INCLUDE_SOURCE;
				MTL_FAST_MATH = YES;
				ONLY_ACTIVE_ARCH = YES;
				SWIFT_ACTIVE_COMPILATION_CONDITIONS = DEBUG;
				SWIFT_OPTIMIZATION_LEVEL = "-Onone";
			};
			name = Debug;
		};
		848494D1287C8E5D008805C2 /* Release */ = {
			isa = XCBuildConfiguration;
			buildSettings = {
				ALWAYS_SEARCH_USER_PATHS = NO;
				CLANG_ANALYZER_NONNULL = YES;
				CLANG_ANALYZER_NUMBER_OBJECT_CONVERSION = YES_AGGRESSIVE;
				CLANG_CXX_LANGUAGE_STANDARD = "gnu++17";
				CLANG_ENABLE_MODULES = YES;
				CLANG_ENABLE_OBJC_ARC = YES;
				CLANG_ENABLE_OBJC_WEAK = YES;
				CLANG_WARN_BLOCK_CAPTURE_AUTORELEASING = YES;
				CLANG_WARN_BOOL_CONVERSION = YES;
				CLANG_WARN_COMMA = YES;
				CLANG_WARN_CONSTANT_CONVERSION = YES;
				CLANG_WARN_DEPRECATED_OBJC_IMPLEMENTATIONS = YES;
				CLANG_WARN_DIRECT_OBJC_ISA_USAGE = YES_ERROR;
				CLANG_WARN_DOCUMENTATION_COMMENTS = YES;
				CLANG_WARN_EMPTY_BODY = YES;
				CLANG_WARN_ENUM_CONVERSION = YES;
				CLANG_WARN_INFINITE_RECURSION = YES;
				CLANG_WARN_INT_CONVERSION = YES;
				CLANG_WARN_NON_LITERAL_NULL_CONVERSION = YES;
				CLANG_WARN_OBJC_IMPLICIT_RETAIN_SELF = YES;
				CLANG_WARN_OBJC_LITERAL_CONVERSION = YES;
				CLANG_WARN_OBJC_ROOT_CLASS = YES_ERROR;
				CLANG_WARN_QUOTED_INCLUDE_IN_FRAMEWORK_HEADER = YES;
				CLANG_WARN_RANGE_LOOP_ANALYSIS = YES;
				CLANG_WARN_STRICT_PROTOTYPES = YES;
				CLANG_WARN_SUSPICIOUS_MOVE = YES;
				CLANG_WARN_UNGUARDED_AVAILABILITY = YES_AGGRESSIVE;
				CLANG_WARN_UNREACHABLE_CODE = YES;
				CLANG_WARN__DUPLICATE_METHOD_MATCH = YES;
				COPY_PHASE_STRIP = NO;
				DEBUG_INFORMATION_FORMAT = "dwarf-with-dsym";
				ENABLE_NS_ASSERTIONS = NO;
				ENABLE_STRICT_OBJC_MSGSEND = YES;
				GCC_C_LANGUAGE_STANDARD = gnu11;
				GCC_NO_COMMON_BLOCKS = YES;
				GCC_WARN_64_TO_32_BIT_CONVERSION = YES;
				GCC_WARN_ABOUT_RETURN_TYPE = YES_ERROR;
				GCC_WARN_UNDECLARED_SELECTOR = YES;
				GCC_WARN_UNINITIALIZED_AUTOS = YES_AGGRESSIVE;
				GCC_WARN_UNUSED_FUNCTION = YES;
				GCC_WARN_UNUSED_VARIABLE = YES;
				MTL_ENABLE_DEBUG_INFO = NO;
				MTL_FAST_MATH = YES;
				SWIFT_COMPILATION_MODE = wholemodule;
				SWIFT_OPTIMIZATION_LEVEL = "-O";
			};
			name = Release;
		};
		848494D3287C8E5D008805C2 /* Debug */ = {
			isa = XCBuildConfiguration;
			buildSettings = {
				ASSETCATALOG_COMPILER_APPICON_NAME = AppIcon;
				ASSETCATALOG_COMPILER_GLOBAL_ACCENT_COLOR_NAME = AccentColor;
				CODE_SIGN_STYLE = Automatic;
				CURRENT_PROJECT_VERSION = 1;
				DEVELOPMENT_TEAM = 4QMDKC8VLJ;
				ENABLE_PREVIEWS = YES;
				GENERATE_INFOPLIST_FILE = YES;
				INFOPLIST_KEY_UIApplicationSceneManifest_Generation = YES;
				INFOPLIST_KEY_UIApplicationSupportsIndirectInputEvents = YES;
				INFOPLIST_KEY_UILaunchScreen_Generation = YES;
				INFOPLIST_KEY_UISupportedInterfaceOrientations_iPad = "UIInterfaceOrientationPortrait UIInterfaceOrientationPortraitUpsideDown UIInterfaceOrientationLandscapeLeft UIInterfaceOrientationLandscapeRight";
				INFOPLIST_KEY_UISupportedInterfaceOrientations_iPhone = "UIInterfaceOrientationPortrait UIInterfaceOrientationLandscapeLeft UIInterfaceOrientationLandscapeRight";
				IPHONEOS_DEPLOYMENT_TARGET = 15.5;
				LD_RUNPATH_SEARCH_PATHS = (
					"$(inherited)",
					"@executable_path/Frameworks",
				);
				MARKETING_VERSION = 1.0;
				PRODUCT_BUNDLE_IDENTIFIER = com.swiftlee.AppStoreConnectAPIExample;
				PRODUCT_NAME = AppStoreConnectAPIExample;
				SDKROOT = iphoneos;
				SWIFT_EMIT_LOC_STRINGS = YES;
				SWIFT_VERSION = 5.0;
				TARGETED_DEVICE_FAMILY = "1,2";
			};
			name = Debug;
		};
		848494D4287C8E5D008805C2 /* Release */ = {
			isa = XCBuildConfiguration;
			buildSettings = {
				ASSETCATALOG_COMPILER_APPICON_NAME = AppIcon;
				ASSETCATALOG_COMPILER_GLOBAL_ACCENT_COLOR_NAME = AccentColor;
				CODE_SIGN_STYLE = Automatic;
				CURRENT_PROJECT_VERSION = 1;
				DEVELOPMENT_TEAM = 4QMDKC8VLJ;
				ENABLE_PREVIEWS = YES;
				GENERATE_INFOPLIST_FILE = YES;
				INFOPLIST_KEY_UIApplicationSceneManifest_Generation = YES;
				INFOPLIST_KEY_UIApplicationSupportsIndirectInputEvents = YES;
				INFOPLIST_KEY_UILaunchScreen_Generation = YES;
				INFOPLIST_KEY_UISupportedInterfaceOrientations_iPad = "UIInterfaceOrientationPortrait UIInterfaceOrientationPortraitUpsideDown UIInterfaceOrientationLandscapeLeft UIInterfaceOrientationLandscapeRight";
				INFOPLIST_KEY_UISupportedInterfaceOrientations_iPhone = "UIInterfaceOrientationPortrait UIInterfaceOrientationLandscapeLeft UIInterfaceOrientationLandscapeRight";
				IPHONEOS_DEPLOYMENT_TARGET = 15.5;
				LD_RUNPATH_SEARCH_PATHS = (
					"$(inherited)",
					"@executable_path/Frameworks",
				);
				MARKETING_VERSION = 1.0;
				PRODUCT_BUNDLE_IDENTIFIER = com.swiftlee.AppStoreConnectAPIExample;
				PRODUCT_NAME = AppStoreConnectAPIExample;
				SDKROOT = iphoneos;
				SWIFT_EMIT_LOC_STRINGS = YES;
				SWIFT_VERSION = 5.0;
				TARGETED_DEVICE_FAMILY = "1,2";
				VALIDATE_PRODUCT = YES;
			};
			name = Release;
		};
		848494D6287C8E5D008805C2 /* Debug */ = {
			isa = XCBuildConfiguration;
			buildSettings = {
				ASSETCATALOG_COMPILER_APPICON_NAME = AppIcon;
				ASSETCATALOG_COMPILER_GLOBAL_ACCENT_COLOR_NAME = AccentColor;
				CODE_SIGN_ENTITLEMENTS = macOS/macOS.entitlements;
				CODE_SIGN_STYLE = Automatic;
				COMBINE_HIDPI_IMAGES = YES;
				CURRENT_PROJECT_VERSION = 1;
				DEVELOPMENT_TEAM = 4QMDKC8VLJ;
				ENABLE_HARDENED_RUNTIME = YES;
				ENABLE_PREVIEWS = YES;
				GENERATE_INFOPLIST_FILE = YES;
				INFOPLIST_KEY_NSHumanReadableCopyright = "";
				LD_RUNPATH_SEARCH_PATHS = (
					"$(inherited)",
					"@executable_path/../Frameworks",
				);
				MACOSX_DEPLOYMENT_TARGET = 12.3;
				MARKETING_VERSION = 1.0;
				PRODUCT_BUNDLE_IDENTIFIER = com.swiftlee.AppStoreConnectAPIExample;
				PRODUCT_NAME = AppStoreConnectAPIExample;
				SDKROOT = macosx;
				SWIFT_EMIT_LOC_STRINGS = YES;
				SWIFT_VERSION = 5.0;
			};
			name = Debug;
		};
		848494D7287C8E5D008805C2 /* Release */ = {
			isa = XCBuildConfiguration;
			buildSettings = {
				ASSETCATALOG_COMPILER_APPICON_NAME = AppIcon;
				ASSETCATALOG_COMPILER_GLOBAL_ACCENT_COLOR_NAME = AccentColor;
				CODE_SIGN_ENTITLEMENTS = macOS/macOS.entitlements;
				CODE_SIGN_STYLE = Automatic;
				COMBINE_HIDPI_IMAGES = YES;
				CURRENT_PROJECT_VERSION = 1;
				DEVELOPMENT_TEAM = 4QMDKC8VLJ;
				ENABLE_HARDENED_RUNTIME = YES;
				ENABLE_PREVIEWS = YES;
				GENERATE_INFOPLIST_FILE = YES;
				INFOPLIST_KEY_NSHumanReadableCopyright = "";
				LD_RUNPATH_SEARCH_PATHS = (
					"$(inherited)",
					"@executable_path/../Frameworks",
				);
				MACOSX_DEPLOYMENT_TARGET = 12.3;
				MARKETING_VERSION = 1.0;
				PRODUCT_BUNDLE_IDENTIFIER = com.swiftlee.AppStoreConnectAPIExample;
				PRODUCT_NAME = AppStoreConnectAPIExample;
				SDKROOT = macosx;
				SWIFT_EMIT_LOC_STRINGS = YES;
				SWIFT_VERSION = 5.0;
			};
			name = Release;
		};
/* End XCBuildConfiguration section */

/* Begin XCConfigurationList section */
		848494B8287C8E5C008805C2 /* Build configuration list for PBXProject "AppStoreConnectAPIExample" */ = {
			isa = XCConfigurationList;
			buildConfigurations = (
				848494D0287C8E5D008805C2 /* Debug */,
				848494D1287C8E5D008805C2 /* Release */,
			);
			defaultConfigurationIsVisible = 0;
			defaultConfigurationName = Release;
		};
		848494D2287C8E5D008805C2 /* Build configuration list for PBXNativeTarget "AppStoreConnectAPIExample (iOS)" */ = {
			isa = XCConfigurationList;
			buildConfigurations = (
				848494D3287C8E5D008805C2 /* Debug */,
				848494D4287C8E5D008805C2 /* Release */,
			);
			defaultConfigurationIsVisible = 0;
			defaultConfigurationName = Release;
		};
		848494D5287C8E5D008805C2 /* Build configuration list for PBXNativeTarget "AppStoreConnectAPIExample (macOS)" */ = {
			isa = XCConfigurationList;
			buildConfigurations = (
				848494D6287C8E5D008805C2 /* Debug */,
				848494D7287C8E5D008805C2 /* Release */,
			);
			defaultConfigurationIsVisible = 0;
			defaultConfigurationName = Release;
		};
/* End XCConfigurationList section */

/* Begin XCSwiftPackageProductDependency section */
		848494DD287C8FAB008805C2 /* AppStoreConnect-Swift-SDK */ = {
			isa = XCSwiftPackageProductDependency;
			productName = "AppStoreConnect-Swift-SDK";
		};
		848494DF287C8FAE008805C2 /* AppStoreConnect-Swift-SDK */ = {
			isa = XCSwiftPackageProductDependency;
			productName = "AppStoreConnect-Swift-SDK";
		};
/* End XCSwiftPackageProductDependency section */
	};
	rootObject = 848494B5287C8E5C008805C2 /* Project object */;
}
